// !$*UTF8*$!
{
	archiveVersion = 1;
	classes = {
	};
	objectVersion = 56;
	objects = {

/* Begin PBXBuildFile section */
		C7272C1D2BB1757A00B1397C /* sevenOclockApp.swift in Sources */ = {isa = PBXBuildFile; fileRef = C7272C1C2BB1757A00B1397C /* sevenOclockApp.swift */; };
		C7272C212BB1757C00B1397C /* Assets.xcassets in Resources */ = {isa = PBXBuildFile; fileRef = C7272C202BB1757C00B1397C /* Assets.xcassets */; };
		C7272C242BB1757C00B1397C /* Preview Assets.xcassets in Resources */ = {isa = PBXBuildFile; fileRef = C7272C232BB1757C00B1397C /* Preview Assets.xcassets */; };
		C7AF058B2BF7993A000ECD4F /* AlertToast in Frameworks */ = {isa = PBXBuildFile; productRef = C7AF058A2BF7993A000ECD4F /* AlertToast */; };
		C7AFB87A2BB1C9970023C46F /* SearchBar.swift in Sources */ = {isa = PBXBuildFile; fileRef = C7AFB8792BB1C9970023C46F /* SearchBar.swift */; };
		C7AFB87D2BB255600023C46F /* UIApplication.swift in Sources */ = {isa = PBXBuildFile; fileRef = C7AFB87C2BB255600023C46F /* UIApplication.swift */; };
		C7AFB8812BB2F5D40023C46F /* MyFridgeView.swift in Sources */ = {isa = PBXBuildFile; fileRef = C7AFB8802BB2F5D40023C46F /* MyFridgeView.swift */; };
		C7AFB8852BB2F7660023C46F /* MyCapsule.swift in Sources */ = {isa = PBXBuildFile; fileRef = C7AFB8842BB2F7660023C46F /* MyCapsule.swift */; };
		C7AFB8872BB30A600023C46F /* Category.swift in Sources */ = {isa = PBXBuildFile; fileRef = C7AFB8862BB30A600023C46F /* Category.swift */; };
		C7AFB88D2BB31FD50023C46F /* SUITE-Regular.otf in Resources */ = {isa = PBXBuildFile; fileRef = C7AFB8892BB31FD50023C46F /* SUITE-Regular.otf */; };
		C7AFB88E2BB31FD50023C46F /* SUITE-SemiBold.otf in Resources */ = {isa = PBXBuildFile; fileRef = C7AFB88A2BB31FD50023C46F /* SUITE-SemiBold.otf */; };
		C7AFB88F2BB31FD50023C46F /* SUITE-Medium.otf in Resources */ = {isa = PBXBuildFile; fileRef = C7AFB88B2BB31FD50023C46F /* SUITE-Medium.otf */; };
		C7AFB8902BB31FD50023C46F /* SUITE-Light.otf in Resources */ = {isa = PBXBuildFile; fileRef = C7AFB88C2BB31FD50023C46F /* SUITE-Light.otf */; };
		C7AFB8922BB31FDE0023C46F /* SUITE-Bold.otf in Resources */ = {isa = PBXBuildFile; fileRef = C7AFB8912BB31FDE0023C46F /* SUITE-Bold.otf */; };
		C7AFB8952BB320D60023C46F /* Font.swift in Sources */ = {isa = PBXBuildFile; fileRef = C7AFB8942BB320D60023C46F /* Font.swift */; };
		C7AFB8972BB3A4580023C46F /* Preservation.swift in Sources */ = {isa = PBXBuildFile; fileRef = C7AFB8962BB3A4580023C46F /* Preservation.swift */; };
		C7AFB8992BB3A6F50023C46F /* SelectionBar.swift in Sources */ = {isa = PBXBuildFile; fileRef = C7AFB8982BB3A6F50023C46F /* SelectionBar.swift */; };
		C7AFB89B2BB3A9D10023C46F /* SortOption.swift in Sources */ = {isa = PBXBuildFile; fileRef = C7AFB89A2BB3A9D10023C46F /* SortOption.swift */; };
		C7AFB89D2BB3C9E00023C46F /* FoodItem.swift in Sources */ = {isa = PBXBuildFile; fileRef = C7AFB89C2BB3C9E00023C46F /* FoodItem.swift */; };
		C7AFB89F2BB3E9A70023C46F /* Date.swift in Sources */ = {isa = PBXBuildFile; fileRef = C7AFB89E2BB3E9A70023C46F /* Date.swift */; };
		C7AFB8A12BB44C350023C46F /* MainView.swift in Sources */ = {isa = PBXBuildFile; fileRef = C7AFB8A02BB44C350023C46F /* MainView.swift */; };
		C7AFB8A32BB52D870023C46F /* AddFoodView.swift in Sources */ = {isa = PBXBuildFile; fileRef = C7AFB8A22BB52D870023C46F /* AddFoodView.swift */; };
		C7AFB8A92BBF85CD0023C46F /* RecipeView.swift in Sources */ = {isa = PBXBuildFile; fileRef = C7AFB8A82BBF85CD0023C46F /* RecipeView.swift */; };
		C7AFB8AB2BBF86BE0023C46F /* Recipe.swift in Sources */ = {isa = PBXBuildFile; fileRef = C7AFB8AA2BBF86BE0023C46F /* Recipe.swift */; };
		C7AFB8AD2BC04F8D0023C46F /* RecipeSortOption.swift in Sources */ = {isa = PBXBuildFile; fileRef = C7AFB8AC2BC04F8D0023C46F /* RecipeSortOption.swift */; };
		C7AFB8AF2BC0F32D0023C46F /* RecipeSearchView.swift in Sources */ = {isa = PBXBuildFile; fileRef = C7AFB8AE2BC0F32D0023C46F /* RecipeSearchView.swift */; };
		C7AFB8B12BC1268E0023C46F /* IngredientCapsule.swift in Sources */ = {isa = PBXBuildFile; fileRef = C7AFB8B02BC1268E0023C46F /* IngredientCapsule.swift */; };
		C7AFB8B32BC132270023C46F /* ChartView.swift in Sources */ = {isa = PBXBuildFile; fileRef = C7AFB8B22BC132270023C46F /* ChartView.swift */; };
		C7AFB8B52BC28AAB0023C46F /* SettingView.swift in Sources */ = {isa = PBXBuildFile; fileRef = C7AFB8B42BC28AAB0023C46F /* SettingView.swift */; };
		C7AFB8B82BC298EE0023C46F /* WebView.swift in Sources */ = {isa = PBXBuildFile; fileRef = C7AFB8B72BC298EE0023C46F /* WebView.swift */; };
		C7AFB8BB2BC2D9070023C46F /* FoodCoreData.xcdatamodeld in Sources */ = {isa = PBXBuildFile; fileRef = C7AFB8B92BC2D9070023C46F /* FoodCoreData.xcdatamodeld */; };
		C7AFB8BD2BC2E19F0023C46F /* PersistenceController.swift in Sources */ = {isa = PBXBuildFile; fileRef = C7AFB8BC2BC2E19E0023C46F /* PersistenceController.swift */; };
		C7AFB8BF2BC3CCEC0023C46F /* TemporaryFood.swift in Sources */ = {isa = PBXBuildFile; fileRef = C7AFB8BE2BC3CCEC0023C46F /* TemporaryFood.swift */; };
		C7BFA1732BCEB43000480C65 /* GoogleService-Info.plist in Resources */ = {isa = PBXBuildFile; fileRef = C7BFA1722BCEB43000480C65 /* GoogleService-Info.plist */; };
		C7BFA1762BCEB51700480C65 /* FirebaseAnalytics in Frameworks */ = {isa = PBXBuildFile; productRef = C7BFA1752BCEB51700480C65 /* FirebaseAnalytics */; };
		C7BFA1782BCEB51700480C65 /* FirebaseAnalyticsOnDeviceConversion in Frameworks */ = {isa = PBXBuildFile; productRef = C7BFA1772BCEB51700480C65 /* FirebaseAnalyticsOnDeviceConversion */; };
		C7BFA17A2BCEB51700480C65 /* FirebaseAnalyticsSwift in Frameworks */ = {isa = PBXBuildFile; productRef = C7BFA1792BCEB51700480C65 /* FirebaseAnalyticsSwift */; };
		C7BFA17C2BCEB51700480C65 /* FirebaseAnalyticsWithoutAdIdSupport in Frameworks */ = {isa = PBXBuildFile; productRef = C7BFA17B2BCEB51700480C65 /* FirebaseAnalyticsWithoutAdIdSupport */; };
		C7BFA17E2BCEB51700480C65 /* FirebaseAppCheck in Frameworks */ = {isa = PBXBuildFile; productRef = C7BFA17D2BCEB51700480C65 /* FirebaseAppCheck */; };
		C7BFA1802BCEB51700480C65 /* FirebaseAppDistribution-Beta in Frameworks */ = {isa = PBXBuildFile; productRef = C7BFA17F2BCEB51700480C65 /* FirebaseAppDistribution-Beta */; };
		C7BFA1822BCEB51700480C65 /* FirebaseAuth in Frameworks */ = {isa = PBXBuildFile; productRef = C7BFA1812BCEB51700480C65 /* FirebaseAuth */; };
		C7BFA1842BCEB51700480C65 /* FirebaseAuthCombine-Community in Frameworks */ = {isa = PBXBuildFile; productRef = C7BFA1832BCEB51700480C65 /* FirebaseAuthCombine-Community */; };
		C7BFA1862BCEB51700480C65 /* FirebaseCrashlytics in Frameworks */ = {isa = PBXBuildFile; productRef = C7BFA1852BCEB51700480C65 /* FirebaseCrashlytics */; };
		C7BFA1882BCEB51800480C65 /* FirebaseDatabase in Frameworks */ = {isa = PBXBuildFile; productRef = C7BFA1872BCEB51800480C65 /* FirebaseDatabase */; };
		C7BFA18A2BCEB51800480C65 /* FirebaseDatabaseSwift in Frameworks */ = {isa = PBXBuildFile; productRef = C7BFA1892BCEB51800480C65 /* FirebaseDatabaseSwift */; };
		C7BFA18C2BCEB51800480C65 /* FirebaseDynamicLinks in Frameworks */ = {isa = PBXBuildFile; productRef = C7BFA18B2BCEB51800480C65 /* FirebaseDynamicLinks */; };
		C7BFA18E2BCEB51800480C65 /* FirebaseFirestore in Frameworks */ = {isa = PBXBuildFile; productRef = C7BFA18D2BCEB51800480C65 /* FirebaseFirestore */; };
		C7BFA1902BCEB51800480C65 /* FirebaseFirestoreCombine-Community in Frameworks */ = {isa = PBXBuildFile; productRef = C7BFA18F2BCEB51800480C65 /* FirebaseFirestoreCombine-Community */; };
		C7BFA1922BCEB51800480C65 /* FirebaseFirestoreSwift in Frameworks */ = {isa = PBXBuildFile; productRef = C7BFA1912BCEB51800480C65 /* FirebaseFirestoreSwift */; };
		C7BFA1942BCEB51800480C65 /* FirebaseFunctions in Frameworks */ = {isa = PBXBuildFile; productRef = C7BFA1932BCEB51800480C65 /* FirebaseFunctions */; };
		C7BFA1962BCEB51800480C65 /* FirebaseFunctionsCombine-Community in Frameworks */ = {isa = PBXBuildFile; productRef = C7BFA1952BCEB51800480C65 /* FirebaseFunctionsCombine-Community */; };
		C7BFA1982BCEB51800480C65 /* FirebaseInAppMessaging-Beta in Frameworks */ = {isa = PBXBuildFile; productRef = C7BFA1972BCEB51800480C65 /* FirebaseInAppMessaging-Beta */; };
		C7BFA19A2BCEB51800480C65 /* FirebaseInAppMessagingSwift-Beta in Frameworks */ = {isa = PBXBuildFile; productRef = C7BFA1992BCEB51800480C65 /* FirebaseInAppMessagingSwift-Beta */; };
		C7BFA19C2BCEB51800480C65 /* FirebaseInstallations in Frameworks */ = {isa = PBXBuildFile; productRef = C7BFA19B2BCEB51800480C65 /* FirebaseInstallations */; };
		C7BFA19E2BCEB51800480C65 /* FirebaseMLModelDownloader in Frameworks */ = {isa = PBXBuildFile; productRef = C7BFA19D2BCEB51800480C65 /* FirebaseMLModelDownloader */; };
		C7BFA1A02BCEB51800480C65 /* FirebaseMessaging in Frameworks */ = {isa = PBXBuildFile; productRef = C7BFA19F2BCEB51800480C65 /* FirebaseMessaging */; };
		C7BFA1A22BCEB51800480C65 /* FirebasePerformance in Frameworks */ = {isa = PBXBuildFile; productRef = C7BFA1A12BCEB51800480C65 /* FirebasePerformance */; };
		C7BFA1A42BCEB51800480C65 /* FirebaseRemoteConfig in Frameworks */ = {isa = PBXBuildFile; productRef = C7BFA1A32BCEB51800480C65 /* FirebaseRemoteConfig */; };
		C7BFA1A62BCEB51800480C65 /* FirebaseRemoteConfigSwift in Frameworks */ = {isa = PBXBuildFile; productRef = C7BFA1A52BCEB51800480C65 /* FirebaseRemoteConfigSwift */; };
		C7BFA1A82BCEB51800480C65 /* FirebaseStorage in Frameworks */ = {isa = PBXBuildFile; productRef = C7BFA1A72BCEB51800480C65 /* FirebaseStorage */; };
		C7BFA1AA2BCEB51800480C65 /* FirebaseStorageCombine-Community in Frameworks */ = {isa = PBXBuildFile; productRef = C7BFA1A92BCEB51800480C65 /* FirebaseStorageCombine-Community */; };
		C7BFA1AC2BCEB9D100480C65 /* RecipeManager.swift in Sources */ = {isa = PBXBuildFile; fileRef = C7BFA1AB2BCEB9D100480C65 /* RecipeManager.swift */; };
		C7BFA1AF2BCEBB0900480C65 /* RecipeViewModel.swift in Sources */ = {isa = PBXBuildFile; fileRef = C7BFA1AE2BCEBB0900480C65 /* RecipeViewModel.swift */; };
		C7D660BE2BD149FC00D30CFD /* FoodDataModel.swift in Sources */ = {isa = PBXBuildFile; fileRef = C7D660BD2BD149FC00D30CFD /* FoodDataModel.swift */; };
		C7D660C12BD2066B00D30CFD /* CarBode in Frameworks */ = {isa = PBXBuildFile; productRef = C7D660C02BD2066B00D30CFD /* CarBode */; };
		C7D660C32BD29F2800D30CFD /* Secret.swift in Sources */ = {isa = PBXBuildFile; fileRef = C7D660C22BD29F2800D30CFD /* Secret.swift */; };
		C7D660C72BDE4A6000D30CFD /* ReceiptResponse.swift in Sources */ = {isa = PBXBuildFile; fileRef = C7D660C62BDE4A6000D30CFD /* ReceiptResponse.swift */; };
		C7D660C92BDE4B1200D30CFD /* ReceiptViewModel.swift in Sources */ = {isa = PBXBuildFile; fileRef = C7D660C82BDE4B1200D30CFD /* ReceiptViewModel.swift */; };
		C7D660CE2BDF688600D30CFD /* CheckItemView.swift in Sources */ = {isa = PBXBuildFile; fileRef = C7D660CD2BDF688600D30CFD /* CheckItemView.swift */; };
		C7D660D02BE0D3BE00D30CFD /* ImagePicker.swift in Sources */ = {isa = PBXBuildFile; fileRef = C7D660CF2BE0D3BE00D30CFD /* ImagePicker.swift */; };
		C7D660D22BE0D91A00D30CFD /* Naver.swift in Sources */ = {isa = PBXBuildFile; fileRef = C7D660D12BE0D91A00D30CFD /* Naver.swift */; };
		C7D660D42BEFC22D00D30CFD /* dummydata.json in Resources */ = {isa = PBXBuildFile; fileRef = C7D660D32BEFC22D00D30CFD /* dummydata.json */; };
		C7FBC2182BC6E1EC0050F9A3 /* FoodListView.swift in Sources */ = {isa = PBXBuildFile; fileRef = C7FBC2172BC6E1EC0050F9A3 /* FoodListView.swift */; };
		C7FBC21A2BC7A0310050F9A3 /* Toast.swift in Sources */ = {isa = PBXBuildFile; fileRef = C7FBC2192BC7A0310050F9A3 /* Toast.swift */; };
/* End PBXBuildFile section */

/* Begin PBXFileReference section */
		C7272C192BB1757A00B1397C /* sevenOclock.app */ = {isa = PBXFileReference; explicitFileType = wrapper.application; includeInIndex = 0; path = sevenOclock.app; sourceTree = BUILT_PRODUCTS_DIR; };
		C7272C1C2BB1757A00B1397C /* sevenOclockApp.swift */ = {isa = PBXFileReference; lastKnownFileType = sourcecode.swift; path = sevenOclockApp.swift; sourceTree = "<group>"; };
		C7272C202BB1757C00B1397C /* Assets.xcassets */ = {isa = PBXFileReference; lastKnownFileType = folder.assetcatalog; path = Assets.xcassets; sourceTree = "<group>"; };
		C7272C232BB1757C00B1397C /* Preview Assets.xcassets */ = {isa = PBXFileReference; lastKnownFileType = folder.assetcatalog; path = "Preview Assets.xcassets"; sourceTree = "<group>"; };
		C7AFB8792BB1C9970023C46F /* SearchBar.swift */ = {isa = PBXFileReference; lastKnownFileType = sourcecode.swift; path = SearchBar.swift; sourceTree = "<group>"; };
		C7AFB87C2BB255600023C46F /* UIApplication.swift */ = {isa = PBXFileReference; lastKnownFileType = sourcecode.swift; path = UIApplication.swift; sourceTree = "<group>"; };
		C7AFB8802BB2F5D40023C46F /* MyFridgeView.swift */ = {isa = PBXFileReference; lastKnownFileType = sourcecode.swift; path = MyFridgeView.swift; sourceTree = "<group>"; };
		C7AFB8842BB2F7660023C46F /* MyCapsule.swift */ = {isa = PBXFileReference; lastKnownFileType = sourcecode.swift; path = MyCapsule.swift; sourceTree = "<group>"; };
		C7AFB8862BB30A600023C46F /* Category.swift */ = {isa = PBXFileReference; lastKnownFileType = sourcecode.swift; path = Category.swift; sourceTree = "<group>"; };
		C7AFB8892BB31FD50023C46F /* SUITE-Regular.otf */ = {isa = PBXFileReference; lastKnownFileType = file; path = "SUITE-Regular.otf"; sourceTree = "<group>"; };
		C7AFB88A2BB31FD50023C46F /* SUITE-SemiBold.otf */ = {isa = PBXFileReference; lastKnownFileType = file; path = "SUITE-SemiBold.otf"; sourceTree = "<group>"; };
		C7AFB88B2BB31FD50023C46F /* SUITE-Medium.otf */ = {isa = PBXFileReference; lastKnownFileType = file; path = "SUITE-Medium.otf"; sourceTree = "<group>"; };
		C7AFB88C2BB31FD50023C46F /* SUITE-Light.otf */ = {isa = PBXFileReference; lastKnownFileType = file; path = "SUITE-Light.otf"; sourceTree = "<group>"; };
		C7AFB8912BB31FDE0023C46F /* SUITE-Bold.otf */ = {isa = PBXFileReference; lastKnownFileType = file; path = "SUITE-Bold.otf"; sourceTree = "<group>"; };
		C7AFB8932BB320170023C46F /* Info.plist */ = {isa = PBXFileReference; lastKnownFileType = text.plist; path = Info.plist; sourceTree = "<group>"; };
		C7AFB8942BB320D60023C46F /* Font.swift */ = {isa = PBXFileReference; lastKnownFileType = sourcecode.swift; path = Font.swift; sourceTree = "<group>"; };
		C7AFB8962BB3A4580023C46F /* Preservation.swift */ = {isa = PBXFileReference; lastKnownFileType = sourcecode.swift; path = Preservation.swift; sourceTree = "<group>"; };
		C7AFB8982BB3A6F50023C46F /* SelectionBar.swift */ = {isa = PBXFileReference; lastKnownFileType = sourcecode.swift; path = SelectionBar.swift; sourceTree = "<group>"; };
		C7AFB89A2BB3A9D10023C46F /* SortOption.swift */ = {isa = PBXFileReference; lastKnownFileType = sourcecode.swift; path = SortOption.swift; sourceTree = "<group>"; };
		C7AFB89C2BB3C9E00023C46F /* FoodItem.swift */ = {isa = PBXFileReference; lastKnownFileType = sourcecode.swift; path = FoodItem.swift; sourceTree = "<group>"; };
		C7AFB89E2BB3E9A70023C46F /* Date.swift */ = {isa = PBXFileReference; lastKnownFileType = sourcecode.swift; path = Date.swift; sourceTree = "<group>"; };
		C7AFB8A02BB44C350023C46F /* MainView.swift */ = {isa = PBXFileReference; lastKnownFileType = sourcecode.swift; path = MainView.swift; sourceTree = "<group>"; };
		C7AFB8A22BB52D870023C46F /* AddFoodView.swift */ = {isa = PBXFileReference; lastKnownFileType = sourcecode.swift; path = AddFoodView.swift; sourceTree = "<group>"; };
		C7AFB8A82BBF85CD0023C46F /* RecipeView.swift */ = {isa = PBXFileReference; lastKnownFileType = sourcecode.swift; path = RecipeView.swift; sourceTree = "<group>"; };
		C7AFB8AA2BBF86BE0023C46F /* Recipe.swift */ = {isa = PBXFileReference; lastKnownFileType = sourcecode.swift; path = Recipe.swift; sourceTree = "<group>"; };
		C7AFB8AC2BC04F8D0023C46F /* RecipeSortOption.swift */ = {isa = PBXFileReference; lastKnownFileType = sourcecode.swift; path = RecipeSortOption.swift; sourceTree = "<group>"; };
		C7AFB8AE2BC0F32D0023C46F /* RecipeSearchView.swift */ = {isa = PBXFileReference; lastKnownFileType = sourcecode.swift; path = RecipeSearchView.swift; sourceTree = "<group>"; };
		C7AFB8B02BC1268E0023C46F /* IngredientCapsule.swift */ = {isa = PBXFileReference; lastKnownFileType = sourcecode.swift; path = IngredientCapsule.swift; sourceTree = "<group>"; };
		C7AFB8B22BC132270023C46F /* ChartView.swift */ = {isa = PBXFileReference; lastKnownFileType = sourcecode.swift; path = ChartView.swift; sourceTree = "<group>"; };
		C7AFB8B42BC28AAB0023C46F /* SettingView.swift */ = {isa = PBXFileReference; lastKnownFileType = sourcecode.swift; path = SettingView.swift; sourceTree = "<group>"; };
		C7AFB8B72BC298EE0023C46F /* WebView.swift */ = {isa = PBXFileReference; lastKnownFileType = sourcecode.swift; path = WebView.swift; sourceTree = "<group>"; };
		C7AFB8BA2BC2D9070023C46F /* FoodData.xcdatamodel */ = {isa = PBXFileReference; lastKnownFileType = wrapper.xcdatamodel; path = FoodData.xcdatamodel; sourceTree = "<group>"; };
		C7AFB8BC2BC2E19E0023C46F /* PersistenceController.swift */ = {isa = PBXFileReference; lastKnownFileType = sourcecode.swift; path = PersistenceController.swift; sourceTree = "<group>"; };
		C7AFB8BE2BC3CCEC0023C46F /* TemporaryFood.swift */ = {isa = PBXFileReference; lastKnownFileType = sourcecode.swift; path = TemporaryFood.swift; sourceTree = "<group>"; };
		C7BFA1722BCEB43000480C65 /* GoogleService-Info.plist */ = {isa = PBXFileReference; fileEncoding = 4; lastKnownFileType = text.plist.xml; path = "GoogleService-Info.plist"; sourceTree = "<group>"; };
		C7BFA1AB2BCEB9D100480C65 /* RecipeManager.swift */ = {isa = PBXFileReference; lastKnownFileType = sourcecode.swift; path = RecipeManager.swift; sourceTree = "<group>"; };
		C7BFA1AE2BCEBB0900480C65 /* RecipeViewModel.swift */ = {isa = PBXFileReference; lastKnownFileType = sourcecode.swift; path = RecipeViewModel.swift; sourceTree = "<group>"; };
		C7D660BD2BD149FC00D30CFD /* FoodDataModel.swift */ = {isa = PBXFileReference; lastKnownFileType = sourcecode.swift; path = FoodDataModel.swift; sourceTree = "<group>"; };
		C7D660C22BD29F2800D30CFD /* Secret.swift */ = {isa = PBXFileReference; lastKnownFileType = sourcecode.swift; path = Secret.swift; sourceTree = "<group>"; };
		C7D660C62BDE4A6000D30CFD /* ReceiptResponse.swift */ = {isa = PBXFileReference; lastKnownFileType = sourcecode.swift; path = ReceiptResponse.swift; sourceTree = "<group>"; };
		C7D660C82BDE4B1200D30CFD /* ReceiptViewModel.swift */ = {isa = PBXFileReference; lastKnownFileType = sourcecode.swift; path = ReceiptViewModel.swift; sourceTree = "<group>"; };
		C7D660CD2BDF688600D30CFD /* CheckItemView.swift */ = {isa = PBXFileReference; lastKnownFileType = sourcecode.swift; path = CheckItemView.swift; sourceTree = "<group>"; };
		C7D660CF2BE0D3BE00D30CFD /* ImagePicker.swift */ = {isa = PBXFileReference; lastKnownFileType = sourcecode.swift; path = ImagePicker.swift; sourceTree = "<group>"; };
		C7D660D12BE0D91A00D30CFD /* Naver.swift */ = {isa = PBXFileReference; lastKnownFileType = sourcecode.swift; path = Naver.swift; sourceTree = "<group>"; };
		C7D660D32BEFC22D00D30CFD /* dummydata.json */ = {isa = PBXFileReference; fileEncoding = 4; lastKnownFileType = text.json; path = dummydata.json; sourceTree = "<group>"; };
		C7FBC2172BC6E1EC0050F9A3 /* FoodListView.swift */ = {isa = PBXFileReference; lastKnownFileType = sourcecode.swift; path = FoodListView.swift; sourceTree = "<group>"; };
		C7FBC2192BC7A0310050F9A3 /* Toast.swift */ = {isa = PBXFileReference; lastKnownFileType = sourcecode.swift; path = Toast.swift; sourceTree = "<group>"; };
/* End PBXFileReference section */

/* Begin PBXFrameworksBuildPhase section */
		C7272C162BB1757A00B1397C /* Frameworks */ = {
			isa = PBXFrameworksBuildPhase;
			buildActionMask = 2147483647;
			files = (
				C7BFA1882BCEB51800480C65 /* FirebaseDatabase in Frameworks */,
				C7BFA1962BCEB51800480C65 /* FirebaseFunctionsCombine-Community in Frameworks */,
				C7BFA18E2BCEB51800480C65 /* FirebaseFirestore in Frameworks */,
				C7BFA17A2BCEB51700480C65 /* FirebaseAnalyticsSwift in Frameworks */,
				C7BFA1762BCEB51700480C65 /* FirebaseAnalytics in Frameworks */,
				C7BFA1782BCEB51700480C65 /* FirebaseAnalyticsOnDeviceConversion in Frameworks */,
				C7BFA19E2BCEB51800480C65 /* FirebaseMLModelDownloader in Frameworks */,
				C7BFA1922BCEB51800480C65 /* FirebaseFirestoreSwift in Frameworks */,
				C7BFA17E2BCEB51700480C65 /* FirebaseAppCheck in Frameworks */,
				C7BFA17C2BCEB51700480C65 /* FirebaseAnalyticsWithoutAdIdSupport in Frameworks */,
				C7D660C12BD2066B00D30CFD /* CarBode in Frameworks */,
				C7AF058B2BF7993A000ECD4F /* AlertToast in Frameworks */,
				C7BFA1822BCEB51700480C65 /* FirebaseAuth in Frameworks */,
				C7BFA1862BCEB51700480C65 /* FirebaseCrashlytics in Frameworks */,
				C7BFA1A62BCEB51800480C65 /* FirebaseRemoteConfigSwift in Frameworks */,
				C7BFA1982BCEB51800480C65 /* FirebaseInAppMessaging-Beta in Frameworks */,
				C7BFA18A2BCEB51800480C65 /* FirebaseDatabaseSwift in Frameworks */,
				C7BFA1942BCEB51800480C65 /* FirebaseFunctions in Frameworks */,
				C7BFA1AA2BCEB51800480C65 /* FirebaseStorageCombine-Community in Frameworks */,
				C7BFA1A42BCEB51800480C65 /* FirebaseRemoteConfig in Frameworks */,
				C7BFA1802BCEB51700480C65 /* FirebaseAppDistribution-Beta in Frameworks */,
				C7BFA1842BCEB51700480C65 /* FirebaseAuthCombine-Community in Frameworks */,
				C7BFA1A22BCEB51800480C65 /* FirebasePerformance in Frameworks */,
				C7BFA19A2BCEB51800480C65 /* FirebaseInAppMessagingSwift-Beta in Frameworks */,
				C7BFA1A82BCEB51800480C65 /* FirebaseStorage in Frameworks */,
				C7BFA18C2BCEB51800480C65 /* FirebaseDynamicLinks in Frameworks */,
				C7BFA1902BCEB51800480C65 /* FirebaseFirestoreCombine-Community in Frameworks */,
				C7BFA1A02BCEB51800480C65 /* FirebaseMessaging in Frameworks */,
				C7BFA19C2BCEB51800480C65 /* FirebaseInstallations in Frameworks */,
			);
			runOnlyForDeploymentPostprocessing = 0;
		};
/* End PBXFrameworksBuildPhase section */

/* Begin PBXGroup section */
		C7272C102BB1757A00B1397C = {
			isa = PBXGroup;
			children = (
				C7272C1B2BB1757A00B1397C /* sevenOclock */,
				C7272C1A2BB1757A00B1397C /* Products */,
			);
			sourceTree = "<group>";
		};
		C7272C1A2BB1757A00B1397C /* Products */ = {
			isa = PBXGroup;
			children = (
				C7272C192BB1757A00B1397C /* sevenOclock.app */,
			);
			name = Products;
			sourceTree = "<group>";
		};
		C7272C1B2BB1757A00B1397C /* sevenOclock */ = {
			isa = PBXGroup;
			children = (
				C7AFB8932BB320170023C46F /* Info.plist */,
				C7BFA1722BCEB43000480C65 /* GoogleService-Info.plist */,
				C7272C1C2BB1757A00B1397C /* sevenOclockApp.swift */,
				C7AFB87F2BB2F47B0023C46F /* View */,
				C7AFB8782BB1C7BE0023C46F /* Model */,
				C7BFA1AD2BCEBAEC00480C65 /* ViewModel */,
				C7AFB8B62BC298820023C46F /* Helper */,
				C7AFB87B2BB1C9A20023C46F /* Reusable */,
				C7AFB87E2BB2F45E0023C46F /* Extension */,
				C7AFB8882BB31FB10023C46F /* Fonts */,
				C7272C202BB1757C00B1397C /* Assets.xcassets */,
				C7272C222BB1757C00B1397C /* Preview Content */,
			);
			path = sevenOclock;
			sourceTree = "<group>";
		};
		C7272C222BB1757C00B1397C /* Preview Content */ = {
			isa = PBXGroup;
			children = (
				C7272C232BB1757C00B1397C /* Preview Assets.xcassets */,
			);
			path = "Preview Content";
			sourceTree = "<group>";
		};
		C7AFB8782BB1C7BE0023C46F /* Model */ = {
			isa = PBXGroup;
			children = (
				C7AFB8862BB30A600023C46F /* Category.swift */,
				C7AFB8962BB3A4580023C46F /* Preservation.swift */,
				C7AFB89A2BB3A9D10023C46F /* SortOption.swift */,
				C7AFB8AA2BBF86BE0023C46F /* Recipe.swift */,
				C7AFB8AC2BC04F8D0023C46F /* RecipeSortOption.swift */,
				C7AFB8B92BC2D9070023C46F /* FoodCoreData.xcdatamodeld */,
				C7AFB8BE2BC3CCEC0023C46F /* TemporaryFood.swift */,
				C7D660BD2BD149FC00D30CFD /* FoodDataModel.swift */,
				C7D660C62BDE4A6000D30CFD /* ReceiptResponse.swift */,
				C7D660D12BE0D91A00D30CFD /* Naver.swift */,
			);
			path = Model;
			sourceTree = "<group>";
		};
		C7AFB87B2BB1C9A20023C46F /* Reusable */ = {
			isa = PBXGroup;
			children = (
				C7AFB8792BB1C9970023C46F /* SearchBar.swift */,
				C7AFB8842BB2F7660023C46F /* MyCapsule.swift */,
				C7AFB8982BB3A6F50023C46F /* SelectionBar.swift */,
				C7AFB89C2BB3C9E00023C46F /* FoodItem.swift */,
				C7AFB8B02BC1268E0023C46F /* IngredientCapsule.swift */,
				C7FBC2192BC7A0310050F9A3 /* Toast.swift */,
			);
			path = Reusable;
			sourceTree = "<group>";
		};
		C7AFB87E2BB2F45E0023C46F /* Extension */ = {
			isa = PBXGroup;
			children = (
				C7AFB87C2BB255600023C46F /* UIApplication.swift */,
				C7AFB8942BB320D60023C46F /* Font.swift */,
				C7AFB89E2BB3E9A70023C46F /* Date.swift */,
			);
			path = Extension;
			sourceTree = "<group>";
		};
		C7AFB87F2BB2F47B0023C46F /* View */ = {
			isa = PBXGroup;
			children = (
				C7AFB8802BB2F5D40023C46F /* MyFridgeView.swift */,
				C7AFB8A02BB44C350023C46F /* MainView.swift */,
				C7AFB8A22BB52D870023C46F /* AddFoodView.swift */,
				C7AFB8A82BBF85CD0023C46F /* RecipeView.swift */,
				C7AFB8AE2BC0F32D0023C46F /* RecipeSearchView.swift */,
				C7AFB8B22BC132270023C46F /* ChartView.swift */,
				C7AFB8B42BC28AAB0023C46F /* SettingView.swift */,
				C7FBC2172BC6E1EC0050F9A3 /* FoodListView.swift */,
				C7D660CD2BDF688600D30CFD /* CheckItemView.swift */,
			);
			path = View;
			sourceTree = "<group>";
		};
		C7AFB8882BB31FB10023C46F /* Fonts */ = {
			isa = PBXGroup;
			children = (
				C7AFB8912BB31FDE0023C46F /* SUITE-Bold.otf */,
				C7AFB88C2BB31FD50023C46F /* SUITE-Light.otf */,
				C7AFB88B2BB31FD50023C46F /* SUITE-Medium.otf */,
				C7AFB8892BB31FD50023C46F /* SUITE-Regular.otf */,
				C7AFB88A2BB31FD50023C46F /* SUITE-SemiBold.otf */,
			);
			path = Fonts;
			sourceTree = "<group>";
		};
		C7AFB8B62BC298820023C46F /* Helper */ = {
			isa = PBXGroup;
			children = (
				C7AFB8B72BC298EE0023C46F /* WebView.swift */,
				C7AFB8BC2BC2E19E0023C46F /* PersistenceController.swift */,
				C7BFA1AB2BCEB9D100480C65 /* RecipeManager.swift */,
				C7D660C22BD29F2800D30CFD /* Secret.swift */,
				C7D660D32BEFC22D00D30CFD /* dummydata.json */,
				C7D660CF2BE0D3BE00D30CFD /* ImagePicker.swift */,
			);
			path = Helper;
			sourceTree = "<group>";
		};
		C7BFA1AD2BCEBAEC00480C65 /* ViewModel */ = {
			isa = PBXGroup;
			children = (
				C7BFA1AE2BCEBB0900480C65 /* RecipeViewModel.swift */,
				C7D660C82BDE4B1200D30CFD /* ReceiptViewModel.swift */,
			);
			path = ViewModel;
			sourceTree = "<group>";
		};
/* End PBXGroup section */

/* Begin PBXNativeTarget section */
		C7272C182BB1757A00B1397C /* sevenOclock */ = {
			isa = PBXNativeTarget;
			buildConfigurationList = C7272C272BB1757C00B1397C /* Build configuration list for PBXNativeTarget "sevenOclock" */;
			buildPhases = (
				C7272C152BB1757A00B1397C /* Sources */,
				C7272C162BB1757A00B1397C /* Frameworks */,
				C7272C172BB1757A00B1397C /* Resources */,
			);
			buildRules = (
			);
			dependencies = (
			);
			name = sevenOclock;
			packageProductDependencies = (
				C7BFA1752BCEB51700480C65 /* FirebaseAnalytics */,
				C7BFA1772BCEB51700480C65 /* FirebaseAnalyticsOnDeviceConversion */,
				C7BFA1792BCEB51700480C65 /* FirebaseAnalyticsSwift */,
				C7BFA17B2BCEB51700480C65 /* FirebaseAnalyticsWithoutAdIdSupport */,
				C7BFA17D2BCEB51700480C65 /* FirebaseAppCheck */,
				C7BFA17F2BCEB51700480C65 /* FirebaseAppDistribution-Beta */,
				C7BFA1812BCEB51700480C65 /* FirebaseAuth */,
				C7BFA1832BCEB51700480C65 /* FirebaseAuthCombine-Community */,
				C7BFA1852BCEB51700480C65 /* FirebaseCrashlytics */,
				C7BFA1872BCEB51800480C65 /* FirebaseDatabase */,
				C7BFA1892BCEB51800480C65 /* FirebaseDatabaseSwift */,
				C7BFA18B2BCEB51800480C65 /* FirebaseDynamicLinks */,
				C7BFA18D2BCEB51800480C65 /* FirebaseFirestore */,
				C7BFA18F2BCEB51800480C65 /* FirebaseFirestoreCombine-Community */,
				C7BFA1912BCEB51800480C65 /* FirebaseFirestoreSwift */,
				C7BFA1932BCEB51800480C65 /* FirebaseFunctions */,
				C7BFA1952BCEB51800480C65 /* FirebaseFunctionsCombine-Community */,
				C7BFA1972BCEB51800480C65 /* FirebaseInAppMessaging-Beta */,
				C7BFA1992BCEB51800480C65 /* FirebaseInAppMessagingSwift-Beta */,
				C7BFA19B2BCEB51800480C65 /* FirebaseInstallations */,
				C7BFA19D2BCEB51800480C65 /* FirebaseMLModelDownloader */,
				C7BFA19F2BCEB51800480C65 /* FirebaseMessaging */,
				C7BFA1A12BCEB51800480C65 /* FirebasePerformance */,
				C7BFA1A32BCEB51800480C65 /* FirebaseRemoteConfig */,
				C7BFA1A52BCEB51800480C65 /* FirebaseRemoteConfigSwift */,
				C7BFA1A72BCEB51800480C65 /* FirebaseStorage */,
				C7BFA1A92BCEB51800480C65 /* FirebaseStorageCombine-Community */,
				C7D660C02BD2066B00D30CFD /* CarBode */,
				C7AF058A2BF7993A000ECD4F /* AlertToast */,
			);
			productName = sevenOclock;
			productReference = C7272C192BB1757A00B1397C /* sevenOclock.app */;
			productType = "com.apple.product-type.application";
		};
/* End PBXNativeTarget section */

/* Begin PBXProject section */
		C7272C112BB1757A00B1397C /* Project object */ = {
			isa = PBXProject;
			attributes = {
				BuildIndependentTargetsInParallel = 1;
				LastSwiftUpdateCheck = 1520;
				LastUpgradeCheck = 1520;
				TargetAttributes = {
					C7272C182BB1757A00B1397C = {
						CreatedOnToolsVersion = 15.2;
					};
				};
			};
			buildConfigurationList = C7272C142BB1757A00B1397C /* Build configuration list for PBXProject "sevenOclock" */;
			compatibilityVersion = "Xcode 14.0";
			developmentRegion = en;
			hasScannedForEncodings = 0;
			knownRegions = (
				en,
				Base,
			);
			mainGroup = C7272C102BB1757A00B1397C;
			packageReferences = (
				C7BFA1742BCEB51700480C65 /* XCRemoteSwiftPackageReference "firebase-ios-sdk" */,
				C7D660BF2BD2066B00D30CFD /* XCRemoteSwiftPackageReference "CarBode-Barcode-Scanner-For-SwiftUI" */,
				C7AF05892BF7993A000ECD4F /* XCRemoteSwiftPackageReference "AlertToast" */,
			);
			productRefGroup = C7272C1A2BB1757A00B1397C /* Products */;
			projectDirPath = "";
			projectRoot = "";
			targets = (
				C7272C182BB1757A00B1397C /* sevenOclock */,
			);
		};
/* End PBXProject section */

/* Begin PBXResourcesBuildPhase section */
		C7272C172BB1757A00B1397C /* Resources */ = {
			isa = PBXResourcesBuildPhase;
			buildActionMask = 2147483647;
			files = (
				C7AFB88F2BB31FD50023C46F /* SUITE-Medium.otf in Resources */,
				C7BFA1732BCEB43000480C65 /* GoogleService-Info.plist in Resources */,
				C7AFB8902BB31FD50023C46F /* SUITE-Light.otf in Resources */,
				C7272C242BB1757C00B1397C /* Preview Assets.xcassets in Resources */,
				C7D660D42BEFC22D00D30CFD /* dummydata.json in Resources */,
				C7AFB88D2BB31FD50023C46F /* SUITE-Regular.otf in Resources */,
				C7272C212BB1757C00B1397C /* Assets.xcassets in Resources */,
				C7AFB88E2BB31FD50023C46F /* SUITE-SemiBold.otf in Resources */,
				C7AFB8922BB31FDE0023C46F /* SUITE-Bold.otf in Resources */,
			);
			runOnlyForDeploymentPostprocessing = 0;
		};
/* End PBXResourcesBuildPhase section */

/* Begin PBXSourcesBuildPhase section */
		C7272C152BB1757A00B1397C /* Sources */ = {
			isa = PBXSourcesBuildPhase;
			buildActionMask = 2147483647;
			files = (
				C7AFB87A2BB1C9970023C46F /* SearchBar.swift in Sources */,
				C7AFB8B82BC298EE0023C46F /* WebView.swift in Sources */,
				C7AFB8A12BB44C350023C46F /* MainView.swift in Sources */,
				C7D660BE2BD149FC00D30CFD /* FoodDataModel.swift in Sources */,
				C7272C1D2BB1757A00B1397C /* sevenOclockApp.swift in Sources */,
				C7AFB8812BB2F5D40023C46F /* MyFridgeView.swift in Sources */,
				C7AFB89B2BB3A9D10023C46F /* SortOption.swift in Sources */,
				C7AFB8AB2BBF86BE0023C46F /* Recipe.swift in Sources */,
				C7AFB8BB2BC2D9070023C46F /* FoodCoreData.xcdatamodeld in Sources */,
				C7AFB8A32BB52D870023C46F /* AddFoodView.swift in Sources */,
				C7AFB8852BB2F7660023C46F /* MyCapsule.swift in Sources */,
				C7D660C92BDE4B1200D30CFD /* ReceiptViewModel.swift in Sources */,
				C7D660C72BDE4A6000D30CFD /* ReceiptResponse.swift in Sources */,
				C7AFB8952BB320D60023C46F /* Font.swift in Sources */,
				C7AFB87D2BB255600023C46F /* UIApplication.swift in Sources */,
				C7AFB89F2BB3E9A70023C46F /* Date.swift in Sources */,
				C7AFB8B12BC1268E0023C46F /* IngredientCapsule.swift in Sources */,
				C7D660D02BE0D3BE00D30CFD /* ImagePicker.swift in Sources */,
				C7D660D22BE0D91A00D30CFD /* Naver.swift in Sources */,
				C7AFB89D2BB3C9E00023C46F /* FoodItem.swift in Sources */,
				C7AFB8872BB30A600023C46F /* Category.swift in Sources */,
				C7FBC21A2BC7A0310050F9A3 /* Toast.swift in Sources */,
				C7AFB8AF2BC0F32D0023C46F /* RecipeSearchView.swift in Sources */,
				C7AFB8972BB3A4580023C46F /* Preservation.swift in Sources */,
				C7AFB8BF2BC3CCEC0023C46F /* TemporaryFood.swift in Sources */,
				C7AFB8B32BC132270023C46F /* ChartView.swift in Sources */,
				C7AFB8A92BBF85CD0023C46F /* RecipeView.swift in Sources */,
				C7AFB8AD2BC04F8D0023C46F /* RecipeSortOption.swift in Sources */,
				C7D660CE2BDF688600D30CFD /* CheckItemView.swift in Sources */,
				C7D660C32BD29F2800D30CFD /* Secret.swift in Sources */,
				C7FBC2182BC6E1EC0050F9A3 /* FoodListView.swift in Sources */,
				C7BFA1AF2BCEBB0900480C65 /* RecipeViewModel.swift in Sources */,
				C7AFB8992BB3A6F50023C46F /* SelectionBar.swift in Sources */,
				C7BFA1AC2BCEB9D100480C65 /* RecipeManager.swift in Sources */,
				C7AFB8B52BC28AAB0023C46F /* SettingView.swift in Sources */,
				C7AFB8BD2BC2E19F0023C46F /* PersistenceController.swift in Sources */,
			);
			runOnlyForDeploymentPostprocessing = 0;
		};
/* End PBXSourcesBuildPhase section */

/* Begin XCBuildConfiguration section */
		C7272C252BB1757C00B1397C /* Debug */ = {
			isa = XCBuildConfiguration;
			buildSettings = {
				ALWAYS_SEARCH_USER_PATHS = NO;
				ASSETCATALOG_COMPILER_GENERATE_SWIFT_ASSET_SYMBOL_EXTENSIONS = YES;
				CLANG_ANALYZER_NONNULL = YES;
				CLANG_ANALYZER_NUMBER_OBJECT_CONVERSION = YES_AGGRESSIVE;
				CLANG_CXX_LANGUAGE_STANDARD = "gnu++20";
				CLANG_ENABLE_MODULES = YES;
				CLANG_ENABLE_OBJC_ARC = YES;
				CLANG_ENABLE_OBJC_WEAK = YES;
				CLANG_WARN_BLOCK_CAPTURE_AUTORELEASING = YES;
				CLANG_WARN_BOOL_CONVERSION = YES;
				CLANG_WARN_COMMA = YES;
				CLANG_WARN_CONSTANT_CONVERSION = YES;
				CLANG_WARN_DEPRECATED_OBJC_IMPLEMENTATIONS = YES;
				CLANG_WARN_DIRECT_OBJC_ISA_USAGE = YES_ERROR;
				CLANG_WARN_DOCUMENTATION_COMMENTS = YES;
				CLANG_WARN_EMPTY_BODY = YES;
				CLANG_WARN_ENUM_CONVERSION = YES;
				CLANG_WARN_INFINITE_RECURSION = YES;
				CLANG_WARN_INT_CONVERSION = YES;
				CLANG_WARN_NON_LITERAL_NULL_CONVERSION = YES;
				CLANG_WARN_OBJC_IMPLICIT_RETAIN_SELF = YES;
				CLANG_WARN_OBJC_LITERAL_CONVERSION = YES;
				CLANG_WARN_OBJC_ROOT_CLASS = YES_ERROR;
				CLANG_WARN_QUOTED_INCLUDE_IN_FRAMEWORK_HEADER = YES;
				CLANG_WARN_RANGE_LOOP_ANALYSIS = YES;
				CLANG_WARN_STRICT_PROTOTYPES = YES;
				CLANG_WARN_SUSPICIOUS_MOVE = YES;
				CLANG_WARN_UNGUARDED_AVAILABILITY = YES_AGGRESSIVE;
				CLANG_WARN_UNREACHABLE_CODE = YES;
				CLANG_WARN__DUPLICATE_METHOD_MATCH = YES;
				COPY_PHASE_STRIP = NO;
				DEBUG_INFORMATION_FORMAT = dwarf;
				ENABLE_STRICT_OBJC_MSGSEND = YES;
				ENABLE_TESTABILITY = YES;
				ENABLE_USER_SCRIPT_SANDBOXING = YES;
				GCC_C_LANGUAGE_STANDARD = gnu17;
				GCC_DYNAMIC_NO_PIC = NO;
				GCC_NO_COMMON_BLOCKS = YES;
				GCC_OPTIMIZATION_LEVEL = 0;
				GCC_PREPROCESSOR_DEFINITIONS = (
					"DEBUG=1",
					"$(inherited)",
				);
				GCC_WARN_64_TO_32_BIT_CONVERSION = YES;
				GCC_WARN_ABOUT_RETURN_TYPE = YES_ERROR;
				GCC_WARN_UNDECLARED_SELECTOR = YES;
				GCC_WARN_UNINITIALIZED_AUTOS = YES_AGGRESSIVE;
				GCC_WARN_UNUSED_FUNCTION = YES;
				GCC_WARN_UNUSED_VARIABLE = YES;
				IPHONEOS_DEPLOYMENT_TARGET = 17.2;
				LOCALIZATION_PREFERS_STRING_CATALOGS = YES;
				MTL_ENABLE_DEBUG_INFO = INCLUDE_SOURCE;
				MTL_FAST_MATH = YES;
				ONLY_ACTIVE_ARCH = YES;
				SDKROOT = iphoneos;
				SWIFT_ACTIVE_COMPILATION_CONDITIONS = "DEBUG $(inherited)";
				SWIFT_OPTIMIZATION_LEVEL = "-Onone";
			};
			name = Debug;
		};
		C7272C262BB1757C00B1397C /* Release */ = {
			isa = XCBuildConfiguration;
			buildSettings = {
				ALWAYS_SEARCH_USER_PATHS = NO;
				ASSETCATALOG_COMPILER_GENERATE_SWIFT_ASSET_SYMBOL_EXTENSIONS = YES;
				CLANG_ANALYZER_NONNULL = YES;
				CLANG_ANALYZER_NUMBER_OBJECT_CONVERSION = YES_AGGRESSIVE;
				CLANG_CXX_LANGUAGE_STANDARD = "gnu++20";
				CLANG_ENABLE_MODULES = YES;
				CLANG_ENABLE_OBJC_ARC = YES;
				CLANG_ENABLE_OBJC_WEAK = YES;
				CLANG_WARN_BLOCK_CAPTURE_AUTORELEASING = YES;
				CLANG_WARN_BOOL_CONVERSION = YES;
				CLANG_WARN_COMMA = YES;
				CLANG_WARN_CONSTANT_CONVERSION = YES;
				CLANG_WARN_DEPRECATED_OBJC_IMPLEMENTATIONS = YES;
				CLANG_WARN_DIRECT_OBJC_ISA_USAGE = YES_ERROR;
				CLANG_WARN_DOCUMENTATION_COMMENTS = YES;
				CLANG_WARN_EMPTY_BODY = YES;
				CLANG_WARN_ENUM_CONVERSION = YES;
				CLANG_WARN_INFINITE_RECURSION = YES;
				CLANG_WARN_INT_CONVERSION = YES;
				CLANG_WARN_NON_LITERAL_NULL_CONVERSION = YES;
				CLANG_WARN_OBJC_IMPLICIT_RETAIN_SELF = YES;
				CLANG_WARN_OBJC_LITERAL_CONVERSION = YES;
				CLANG_WARN_OBJC_ROOT_CLASS = YES_ERROR;
				CLANG_WARN_QUOTED_INCLUDE_IN_FRAMEWORK_HEADER = YES;
				CLANG_WARN_RANGE_LOOP_ANALYSIS = YES;
				CLANG_WARN_STRICT_PROTOTYPES = YES;
				CLANG_WARN_SUSPICIOUS_MOVE = YES;
				CLANG_WARN_UNGUARDED_AVAILABILITY = YES_AGGRESSIVE;
				CLANG_WARN_UNREACHABLE_CODE = YES;
				CLANG_WARN__DUPLICATE_METHOD_MATCH = YES;
				COPY_PHASE_STRIP = NO;
				DEBUG_INFORMATION_FORMAT = "dwarf-with-dsym";
				ENABLE_NS_ASSERTIONS = NO;
				ENABLE_STRICT_OBJC_MSGSEND = YES;
				ENABLE_USER_SCRIPT_SANDBOXING = YES;
				GCC_C_LANGUAGE_STANDARD = gnu17;
				GCC_NO_COMMON_BLOCKS = YES;
				GCC_WARN_64_TO_32_BIT_CONVERSION = YES;
				GCC_WARN_ABOUT_RETURN_TYPE = YES_ERROR;
				GCC_WARN_UNDECLARED_SELECTOR = YES;
				GCC_WARN_UNINITIALIZED_AUTOS = YES_AGGRESSIVE;
				GCC_WARN_UNUSED_FUNCTION = YES;
				GCC_WARN_UNUSED_VARIABLE = YES;
				IPHONEOS_DEPLOYMENT_TARGET = 17.2;
				LOCALIZATION_PREFERS_STRING_CATALOGS = YES;
				MTL_ENABLE_DEBUG_INFO = NO;
				MTL_FAST_MATH = YES;
				SDKROOT = iphoneos;
				SWIFT_COMPILATION_MODE = wholemodule;
				VALIDATE_PRODUCT = YES;
			};
			name = Release;
		};
		C7272C282BB1757C00B1397C /* Debug */ = {
			isa = XCBuildConfiguration;
			buildSettings = {
				ASSETCATALOG_COMPILER_APPICON_NAME = AppIcon;
				ASSETCATALOG_COMPILER_GLOBAL_ACCENT_COLOR_NAME = AccentColor;
				CODE_SIGN_STYLE = Automatic;
				CURRENT_PROJECT_VERSION = 1;
				DEVELOPMENT_ASSET_PATHS = "\"sevenOclock/Preview Content\"";
				DEVELOPMENT_TEAM = HY8Y957QK3;
				ENABLE_PREVIEWS = YES;
				GENERATE_INFOPLIST_FILE = YES;
				INFOPLIST_FILE = sevenOclock/Info.plist;
				INFOPLIST_KEY_NSCameraUsageDescription = "영수증 촬영 및 바코드 스캔을 위해 카메라 접근 권한이 필요합니다.";
				INFOPLIST_KEY_UIApplicationSceneManifest_Generation = YES;
				INFOPLIST_KEY_UIApplicationSupportsIndirectInputEvents = YES;
				INFOPLIST_KEY_UILaunchScreen_Generation = YES;
				INFOPLIST_KEY_UIStatusBarStyle = UIStatusBarStyleLightContent;
				INFOPLIST_KEY_UISupportedInterfaceOrientations = UIInterfaceOrientationPortrait;
				INFOPLIST_KEY_UISupportedInterfaceOrientations_iPad = "UIInterfaceOrientationLandscapeLeft UIInterfaceOrientationLandscapeRight UIInterfaceOrientationPortrait UIInterfaceOrientationPortraitUpsideDown";
				IPHONEOS_DEPLOYMENT_TARGET = 17.0;
				LD_RUNPATH_SEARCH_PATHS = (
					"$(inherited)",
					"@executable_path/Frameworks",
				);
				MARKETING_VERSION = 1.0;
				PRODUCT_BUNDLE_IDENTIFIER = com.jio.sevenOclock;
				PRODUCT_NAME = "$(TARGET_NAME)";
				SUPPORTED_PLATFORMS = "iphoneos iphonesimulator";
				SUPPORTS_MACCATALYST = NO;
				SUPPORTS_MAC_DESIGNED_FOR_IPHONE_IPAD = NO;
				SUPPORTS_XR_DESIGNED_FOR_IPHONE_IPAD = NO;
				SWIFT_EMIT_LOC_STRINGS = YES;
				SWIFT_VERSION = 5.0;
				TARGETED_DEVICE_FAMILY = 1;
			};
			name = Debug;
		};
		C7272C292BB1757C00B1397C /* Release */ = {
			isa = XCBuildConfiguration;
			buildSettings = {
				ASSETCATALOG_COMPILER_APPICON_NAME = AppIcon;
				ASSETCATALOG_COMPILER_GLOBAL_ACCENT_COLOR_NAME = AccentColor;
				CODE_SIGN_STYLE = Automatic;
				CURRENT_PROJECT_VERSION = 1;
				DEVELOPMENT_ASSET_PATHS = "\"sevenOclock/Preview Content\"";
				DEVELOPMENT_TEAM = HY8Y957QK3;
				ENABLE_PREVIEWS = YES;
				GENERATE_INFOPLIST_FILE = YES;
				INFOPLIST_FILE = sevenOclock/Info.plist;
				INFOPLIST_KEY_NSCameraUsageDescription = "영수증 촬영 및 바코드 스캔을 위해 카메라 접근 권한이 필요합니다.";
				INFOPLIST_KEY_UIApplicationSceneManifest_Generation = YES;
				INFOPLIST_KEY_UIApplicationSupportsIndirectInputEvents = YES;
				INFOPLIST_KEY_UILaunchScreen_Generation = YES;
				INFOPLIST_KEY_UIStatusBarStyle = UIStatusBarStyleLightContent;
				INFOPLIST_KEY_UISupportedInterfaceOrientations = UIInterfaceOrientationPortrait;
				INFOPLIST_KEY_UISupportedInterfaceOrientations_iPad = "UIInterfaceOrientationLandscapeLeft UIInterfaceOrientationLandscapeRight UIInterfaceOrientationPortrait UIInterfaceOrientationPortraitUpsideDown";
				IPHONEOS_DEPLOYMENT_TARGET = 17.0;
				LD_RUNPATH_SEARCH_PATHS = (
					"$(inherited)",
					"@executable_path/Frameworks",
				);
				MARKETING_VERSION = 1.0;
				PRODUCT_BUNDLE_IDENTIFIER = com.jio.sevenOclock;
				PRODUCT_NAME = "$(TARGET_NAME)";
				SUPPORTED_PLATFORMS = "iphoneos iphonesimulator";
				SUPPORTS_MACCATALYST = NO;
				SUPPORTS_MAC_DESIGNED_FOR_IPHONE_IPAD = NO;
				SUPPORTS_XR_DESIGNED_FOR_IPHONE_IPAD = NO;
				SWIFT_EMIT_LOC_STRINGS = YES;
				SWIFT_VERSION = 5.0;
				TARGETED_DEVICE_FAMILY = 1;
			};
			name = Release;
		};
/* End XCBuildConfiguration section */

/* Begin XCConfigurationList section */
		C7272C142BB1757A00B1397C /* Build configuration list for PBXProject "sevenOclock" */ = {
			isa = XCConfigurationList;
			buildConfigurations = (
				C7272C252BB1757C00B1397C /* Debug */,
				C7272C262BB1757C00B1397C /* Release */,
			);
			defaultConfigurationIsVisible = 0;
			defaultConfigurationName = Release;
		};
		C7272C272BB1757C00B1397C /* Build configuration list for PBXNativeTarget "sevenOclock" */ = {
			isa = XCConfigurationList;
			buildConfigurations = (
				C7272C282BB1757C00B1397C /* Debug */,
				C7272C292BB1757C00B1397C /* Release */,
			);
			defaultConfigurationIsVisible = 0;
			defaultConfigurationName = Release;
		};
/* End XCConfigurationList section */

/* Begin XCRemoteSwiftPackageReference section */
		C7AF05892BF7993A000ECD4F /* XCRemoteSwiftPackageReference "AlertToast" */ = {
			isa = XCRemoteSwiftPackageReference;
			repositoryURL = "https://github.com/elai950/AlertToast.git";
			requirement = {
				kind = upToNextMajorVersion;
				minimumVersion = 1.3.9;
			};
		};
		C7BFA1742BCEB51700480C65 /* XCRemoteSwiftPackageReference "firebase-ios-sdk" */ = {
			isa = XCRemoteSwiftPackageReference;
			repositoryURL = "https://github.com/firebase/firebase-ios-sdk";
			requirement = {
				kind = upToNextMajorVersion;
				minimumVersion = 10.24.0;
			};
		};
		C7D660BF2BD2066B00D30CFD /* XCRemoteSwiftPackageReference "CarBode-Barcode-Scanner-For-SwiftUI" */ = {
			isa = XCRemoteSwiftPackageReference;
			repositoryURL = "https://github.com/heart/CarBode-Barcode-Scanner-For-SwiftUI";
			requirement = {
				kind = upToNextMajorVersion;
				minimumVersion = 2.2.3;
			};
		};
/* End XCRemoteSwiftPackageReference section */

/* Begin XCSwiftPackageProductDependency section */
		C7AF058A2BF7993A000ECD4F /* AlertToast */ = {
			isa = XCSwiftPackageProductDependency;
			package = C7AF05892BF7993A000ECD4F /* XCRemoteSwiftPackageReference "AlertToast" */;
			productName = AlertToast;
		};
		C7BFA1752BCEB51700480C65 /* FirebaseAnalytics */ = {
			isa = XCSwiftPackageProductDependency;
			package = C7BFA1742BCEB51700480C65 /* XCRemoteSwiftPackageReference "firebase-ios-sdk" */;
			productName = FirebaseAnalytics;
		};
		C7BFA1772BCEB51700480C65 /* FirebaseAnalyticsOnDeviceConversion */ = {
			isa = XCSwiftPackageProductDependency;
			package = C7BFA1742BCEB51700480C65 /* XCRemoteSwiftPackageReference "firebase-ios-sdk" */;
			productName = FirebaseAnalyticsOnDeviceConversion;
		};
		C7BFA1792BCEB51700480C65 /* FirebaseAnalyticsSwift */ = {
			isa = XCSwiftPackageProductDependency;
			package = C7BFA1742BCEB51700480C65 /* XCRemoteSwiftPackageReference "firebase-ios-sdk" */;
			productName = FirebaseAnalyticsSwift;
		};
		C7BFA17B2BCEB51700480C65 /* FirebaseAnalyticsWithoutAdIdSupport */ = {
			isa = XCSwiftPackageProductDependency;
			package = C7BFA1742BCEB51700480C65 /* XCRemoteSwiftPackageReference "firebase-ios-sdk" */;
			productName = FirebaseAnalyticsWithoutAdIdSupport;
		};
		C7BFA17D2BCEB51700480C65 /* FirebaseAppCheck */ = {
			isa = XCSwiftPackageProductDependency;
			package = C7BFA1742BCEB51700480C65 /* XCRemoteSwiftPackageReference "firebase-ios-sdk" */;
			productName = FirebaseAppCheck;
		};
		C7BFA17F2BCEB51700480C65 /* FirebaseAppDistribution-Beta */ = {
			isa = XCSwiftPackageProductDependency;
			package = C7BFA1742BCEB51700480C65 /* XCRemoteSwiftPackageReference "firebase-ios-sdk" */;
			productName = "FirebaseAppDistribution-Beta";
		};
		C7BFA1812BCEB51700480C65 /* FirebaseAuth */ = {
			isa = XCSwiftPackageProductDependency;
			package = C7BFA1742BCEB51700480C65 /* XCRemoteSwiftPackageReference "firebase-ios-sdk" */;
			productName = FirebaseAuth;
		};
		C7BFA1832BCEB51700480C65 /* FirebaseAuthCombine-Community */ = {
			isa = XCSwiftPackageProductDependency;
			package = C7BFA1742BCEB51700480C65 /* XCRemoteSwiftPackageReference "firebase-ios-sdk" */;
			productName = "FirebaseAuthCombine-Community";
		};
		C7BFA1852BCEB51700480C65 /* FirebaseCrashlytics */ = {
			isa = XCSwiftPackageProductDependency;
			package = C7BFA1742BCEB51700480C65 /* XCRemoteSwiftPackageReference "firebase-ios-sdk" */;
			productName = FirebaseCrashlytics;
		};
		C7BFA1872BCEB51800480C65 /* FirebaseDatabase */ = {
			isa = XCSwiftPackageProductDependency;
			package = C7BFA1742BCEB51700480C65 /* XCRemoteSwiftPackageReference "firebase-ios-sdk" */;
			productName = FirebaseDatabase;
		};
		C7BFA1892BCEB51800480C65 /* FirebaseDatabaseSwift */ = {
			isa = XCSwiftPackageProductDependency;
			package = C7BFA1742BCEB51700480C65 /* XCRemoteSwiftPackageReference "firebase-ios-sdk" */;
			productName = FirebaseDatabaseSwift;
		};
		C7BFA18B2BCEB51800480C65 /* FirebaseDynamicLinks */ = {
			isa = XCSwiftPackageProductDependency;
			package = C7BFA1742BCEB51700480C65 /* XCRemoteSwiftPackageReference "firebase-ios-sdk" */;
			productName = FirebaseDynamicLinks;
		};
		C7BFA18D2BCEB51800480C65 /* FirebaseFirestore */ = {
			isa = XCSwiftPackageProductDependency;
			package = C7BFA1742BCEB51700480C65 /* XCRemoteSwiftPackageReference "firebase-ios-sdk" */;
			productName = FirebaseFirestore;
		};
		C7BFA18F2BCEB51800480C65 /* FirebaseFirestoreCombine-Community */ = {
			isa = XCSwiftPackageProductDependency;
			package = C7BFA1742BCEB51700480C65 /* XCRemoteSwiftPackageReference "firebase-ios-sdk" */;
			productName = "FirebaseFirestoreCombine-Community";
		};
		C7BFA1912BCEB51800480C65 /* FirebaseFirestoreSwift */ = {
			isa = XCSwiftPackageProductDependency;
			package = C7BFA1742BCEB51700480C65 /* XCRemoteSwiftPackageReference "firebase-ios-sdk" */;
			productName = FirebaseFirestoreSwift;
		};
		C7BFA1932BCEB51800480C65 /* FirebaseFunctions */ = {
			isa = XCSwiftPackageProductDependency;
			package = C7BFA1742BCEB51700480C65 /* XCRemoteSwiftPackageReference "firebase-ios-sdk" */;
			productName = FirebaseFunctions;
		};
		C7BFA1952BCEB51800480C65 /* FirebaseFunctionsCombine-Community */ = {
			isa = XCSwiftPackageProductDependency;
			package = C7BFA1742BCEB51700480C65 /* XCRemoteSwiftPackageReference "firebase-ios-sdk" */;
			productName = "FirebaseFunctionsCombine-Community";
		};
		C7BFA1972BCEB51800480C65 /* FirebaseInAppMessaging-Beta */ = {
			isa = XCSwiftPackageProductDependency;
			package = C7BFA1742BCEB51700480C65 /* XCRemoteSwiftPackageReference "firebase-ios-sdk" */;
			productName = "FirebaseInAppMessaging-Beta";
		};
		C7BFA1992BCEB51800480C65 /* FirebaseInAppMessagingSwift-Beta */ = {
			isa = XCSwiftPackageProductDependency;
			package = C7BFA1742BCEB51700480C65 /* XCRemoteSwiftPackageReference "firebase-ios-sdk" */;
			productName = "FirebaseInAppMessagingSwift-Beta";
		};
		C7BFA19B2BCEB51800480C65 /* FirebaseInstallations */ = {
			isa = XCSwiftPackageProductDependency;
			package = C7BFA1742BCEB51700480C65 /* XCRemoteSwiftPackageReference "firebase-ios-sdk" */;
			productName = FirebaseInstallations;
		};
		C7BFA19D2BCEB51800480C65 /* FirebaseMLModelDownloader */ = {
			isa = XCSwiftPackageProductDependency;
			package = C7BFA1742BCEB51700480C65 /* XCRemoteSwiftPackageReference "firebase-ios-sdk" */;
			productName = FirebaseMLModelDownloader;
		};
		C7BFA19F2BCEB51800480C65 /* FirebaseMessaging */ = {
			isa = XCSwiftPackageProductDependency;
			package = C7BFA1742BCEB51700480C65 /* XCRemoteSwiftPackageReference "firebase-ios-sdk" */;
			productName = FirebaseMessaging;
		};
		C7BFA1A12BCEB51800480C65 /* FirebasePerformance */ = {
			isa = XCSwiftPackageProductDependency;
			package = C7BFA1742BCEB51700480C65 /* XCRemoteSwiftPackageReference "firebase-ios-sdk" */;
			productName = FirebasePerformance;
		};
		C7BFA1A32BCEB51800480C65 /* FirebaseRemoteConfig */ = {
			isa = XCSwiftPackageProductDependency;
			package = C7BFA1742BCEB51700480C65 /* XCRemoteSwiftPackageReference "firebase-ios-sdk" */;
			productName = FirebaseRemoteConfig;
		};
		C7BFA1A52BCEB51800480C65 /* FirebaseRemoteConfigSwift */ = {
			isa = XCSwiftPackageProductDependency;
			package = C7BFA1742BCEB51700480C65 /* XCRemoteSwiftPackageReference "firebase-ios-sdk" */;
			productName = FirebaseRemoteConfigSwift;
		};
		C7BFA1A72BCEB51800480C65 /* FirebaseStorage */ = {
			isa = XCSwiftPackageProductDependency;
			package = C7BFA1742BCEB51700480C65 /* XCRemoteSwiftPackageReference "firebase-ios-sdk" */;
			productName = FirebaseStorage;
		};
		C7BFA1A92BCEB51800480C65 /* FirebaseStorageCombine-Community */ = {
			isa = XCSwiftPackageProductDependency;
			package = C7BFA1742BCEB51700480C65 /* XCRemoteSwiftPackageReference "firebase-ios-sdk" */;
			productName = "FirebaseStorageCombine-Community";
		};
		C7D660C02BD2066B00D30CFD /* CarBode */ = {
			isa = XCSwiftPackageProductDependency;
			package = C7D660BF2BD2066B00D30CFD /* XCRemoteSwiftPackageReference "CarBode-Barcode-Scanner-For-SwiftUI" */;
			productName = CarBode;
		};
/* End XCSwiftPackageProductDependency section */

/* Begin XCVersionGroup section */
		C7AFB8B92BC2D9070023C46F /* FoodCoreData.xcdatamodeld */ = {
			isa = XCVersionGroup;
			children = (
				C7AFB8BA2BC2D9070023C46F /* FoodData.xcdatamodel */,
			);
			currentVersion = C7AFB8BA2BC2D9070023C46F /* FoodData.xcdatamodel */;
			path = FoodCoreData.xcdatamodeld;
			sourceTree = "<group>";
			versionGroupType = wrapper.xcdatamodel;
		};
/* End XCVersionGroup section */
	};
	rootObject = C7272C112BB1757A00B1397C /* Project object */;
}
