// !$*UTF8*$!
{
	archiveVersion = 1;
	classes = {
	};
	objectVersion = 56;
	objects = {

/* Begin PBXBuildFile section */
		C7272C1D2BB1757A00B1397C /* sevenOclockApp.swift in Sources */ = {isa = PBXBuildFile; fileRef = C7272C1C2BB1757A00B1397C /* sevenOclockApp.swift */; };
		C7272C212BB1757C00B1397C /* Assets.xcassets in Resources */ = {isa = PBXBuildFile; fileRef = C7272C202BB1757C00B1397C /* Assets.xcassets */; };
		C7272C242BB1757C00B1397C /* Preview Assets.xcassets in Resources */ = {isa = PBXBuildFile; fileRef = C7272C232BB1757C00B1397C /* Preview Assets.xcassets */; };
		C7AFB87A2BB1C9970023C46F /* SearchBar.swift in Sources */ = {isa = PBXBuildFile; fileRef = C7AFB8792BB1C9970023C46F /* SearchBar.swift */; };
		C7AFB87D2BB255600023C46F /* UIApplication.swift in Sources */ = {isa = PBXBuildFile; fileRef = C7AFB87C2BB255600023C46F /* UIApplication.swift */; };
		C7AFB8812BB2F5D40023C46F /* MyFridgeView.swift in Sources */ = {isa = PBXBuildFile; fileRef = C7AFB8802BB2F5D40023C46F /* MyFridgeView.swift */; };
		C7AFB8852BB2F7660023C46F /* MyCapsule.swift in Sources */ = {isa = PBXBuildFile; fileRef = C7AFB8842BB2F7660023C46F /* MyCapsule.swift */; };
		C7AFB8872BB30A600023C46F /* Category.swift in Sources */ = {isa = PBXBuildFile; fileRef = C7AFB8862BB30A600023C46F /* Category.swift */; };
		C7AFB88D2BB31FD50023C46F /* SUITE-Regular.otf in Resources */ = {isa = PBXBuildFile; fileRef = C7AFB8892BB31FD50023C46F /* SUITE-Regular.otf */; };
		C7AFB88E2BB31FD50023C46F /* SUITE-SemiBold.otf in Resources */ = {isa = PBXBuildFile; fileRef = C7AFB88A2BB31FD50023C46F /* SUITE-SemiBold.otf */; };
		C7AFB88F2BB31FD50023C46F /* SUITE-Medium.otf in Resources */ = {isa = PBXBuildFile; fileRef = C7AFB88B2BB31FD50023C46F /* SUITE-Medium.otf */; };
		C7AFB8902BB31FD50023C46F /* SUITE-Light.otf in Resources */ = {isa = PBXBuildFile; fileRef = C7AFB88C2BB31FD50023C46F /* SUITE-Light.otf */; };
		C7AFB8922BB31FDE0023C46F /* SUITE-Bold.otf in Resources */ = {isa = PBXBuildFile; fileRef = C7AFB8912BB31FDE0023C46F /* SUITE-Bold.otf */; };
		C7AFB8952BB320D60023C46F /* Font.swift in Sources */ = {isa = PBXBuildFile; fileRef = C7AFB8942BB320D60023C46F /* Font.swift */; };
		C7AFB8972BB3A4580023C46F /* Preservation.swift in Sources */ = {isa = PBXBuildFile; fileRef = C7AFB8962BB3A4580023C46F /* Preservation.swift */; };
		C7AFB8992BB3A6F50023C46F /* SelectionBar.swift in Sources */ = {isa = PBXBuildFile; fileRef = C7AFB8982BB3A6F50023C46F /* SelectionBar.swift */; };
		C7AFB89B2BB3A9D10023C46F /* SortOption.swift in Sources */ = {isa = PBXBuildFile; fileRef = C7AFB89A2BB3A9D10023C46F /* SortOption.swift */; };
		C7AFB89D2BB3C9E00023C46F /* FoodItem.swift in Sources */ = {isa = PBXBuildFile; fileRef = C7AFB89C2BB3C9E00023C46F /* FoodItem.swift */; };
		C7AFB89F2BB3E9A70023C46F /* Date.swift in Sources */ = {isa = PBXBuildFile; fileRef = C7AFB89E2BB3E9A70023C46F /* Date.swift */; };
		C7AFB8A12BB44C350023C46F /* MainView.swift in Sources */ = {isa = PBXBuildFile; fileRef = C7AFB8A02BB44C350023C46F /* MainView.swift */; };
		C7AFB8A32BB52D870023C46F /* AddFoodView.swift in Sources */ = {isa = PBXBuildFile; fileRef = C7AFB8A22BB52D870023C46F /* AddFoodView.swift */; };
		C7AFB8A92BBF85CD0023C46F /* RecipeView.swift in Sources */ = {isa = PBXBuildFile; fileRef = C7AFB8A82BBF85CD0023C46F /* RecipeView.swift */; };
		C7AFB8AB2BBF86BE0023C46F /* Recipe.swift in Sources */ = {isa = PBXBuildFile; fileRef = C7AFB8AA2BBF86BE0023C46F /* Recipe.swift */; };
		C7AFB8AD2BC04F8D0023C46F /* RecipeSortOption.swift in Sources */ = {isa = PBXBuildFile; fileRef = C7AFB8AC2BC04F8D0023C46F /* RecipeSortOption.swift */; };
		C7AFB8AF2BC0F32D0023C46F /* RecipeSearchView.swift in Sources */ = {isa = PBXBuildFile; fileRef = C7AFB8AE2BC0F32D0023C46F /* RecipeSearchView.swift */; };
		C7AFB8B12BC1268E0023C46F /* IngredientCapsule.swift in Sources */ = {isa = PBXBuildFile; fileRef = C7AFB8B02BC1268E0023C46F /* IngredientCapsule.swift */; };
		C7AFB8B32BC132270023C46F /* ChartView.swift in Sources */ = {isa = PBXBuildFile; fileRef = C7AFB8B22BC132270023C46F /* ChartView.swift */; };
		C7AFB8B52BC28AAB0023C46F /* SettingView.swift in Sources */ = {isa = PBXBuildFile; fileRef = C7AFB8B42BC28AAB0023C46F /* SettingView.swift */; };
		C7AFB8B82BC298EE0023C46F /* WebView.swift in Sources */ = {isa = PBXBuildFile; fileRef = C7AFB8B72BC298EE0023C46F /* WebView.swift */; };
		C7AFB8BB2BC2D9070023C46F /* FoodCoreData.xcdatamodeld in Sources */ = {isa = PBXBuildFile; fileRef = C7AFB8B92BC2D9070023C46F /* FoodCoreData.xcdatamodeld */; };
		C7AFB8BD2BC2E19F0023C46F /* PersistenceController.swift in Sources */ = {isa = PBXBuildFile; fileRef = C7AFB8BC2BC2E19E0023C46F /* PersistenceController.swift */; };
		C7AFB8BF2BC3CCEC0023C46F /* TemporaryFood.swift in Sources */ = {isa = PBXBuildFile; fileRef = C7AFB8BE2BC3CCEC0023C46F /* TemporaryFood.swift */; };
		C7FBC2182BC6E1EC0050F9A3 /* FoodListView.swift in Sources */ = {isa = PBXBuildFile; fileRef = C7FBC2172BC6E1EC0050F9A3 /* FoodListView.swift */; };
		C7FBC21A2BC7A0310050F9A3 /* Toast.swift in Sources */ = {isa = PBXBuildFile; fileRef = C7FBC2192BC7A0310050F9A3 /* Toast.swift */; };
/* End PBXBuildFile section */

/* Begin PBXFileReference section */
		C7272C192BB1757A00B1397C /* sevenOclock.app */ = {isa = PBXFileReference; explicitFileType = wrapper.application; includeInIndex = 0; path = sevenOclock.app; sourceTree = BUILT_PRODUCTS_DIR; };
		C7272C1C2BB1757A00B1397C /* sevenOclockApp.swift */ = {isa = PBXFileReference; lastKnownFileType = sourcecode.swift; path = sevenOclockApp.swift; sourceTree = "<group>"; };
		C7272C202BB1757C00B1397C /* Assets.xcassets */ = {isa = PBXFileReference; lastKnownFileType = folder.assetcatalog; path = Assets.xcassets; sourceTree = "<group>"; };
		C7272C232BB1757C00B1397C /* Preview Assets.xcassets */ = {isa = PBXFileReference; lastKnownFileType = folder.assetcatalog; path = "Preview Assets.xcassets"; sourceTree = "<group>"; };
		C7AFB8792BB1C9970023C46F /* SearchBar.swift */ = {isa = PBXFileReference; lastKnownFileType = sourcecode.swift; path = SearchBar.swift; sourceTree = "<group>"; };
		C7AFB87C2BB255600023C46F /* UIApplication.swift */ = {isa = PBXFileReference; lastKnownFileType = sourcecode.swift; path = UIApplication.swift; sourceTree = "<group>"; };
		C7AFB8802BB2F5D40023C46F /* MyFridgeView.swift */ = {isa = PBXFileReference; lastKnownFileType = sourcecode.swift; path = MyFridgeView.swift; sourceTree = "<group>"; };
		C7AFB8842BB2F7660023C46F /* MyCapsule.swift */ = {isa = PBXFileReference; lastKnownFileType = sourcecode.swift; path = MyCapsule.swift; sourceTree = "<group>"; };
		C7AFB8862BB30A600023C46F /* Category.swift */ = {isa = PBXFileReference; lastKnownFileType = sourcecode.swift; path = Category.swift; sourceTree = "<group>"; };
		C7AFB8892BB31FD50023C46F /* SUITE-Regular.otf */ = {isa = PBXFileReference; lastKnownFileType = file; path = "SUITE-Regular.otf"; sourceTree = "<group>"; };
		C7AFB88A2BB31FD50023C46F /* SUITE-SemiBold.otf */ = {isa = PBXFileReference; lastKnownFileType = file; path = "SUITE-SemiBold.otf"; sourceTree = "<group>"; };
		C7AFB88B2BB31FD50023C46F /* SUITE-Medium.otf */ = {isa = PBXFileReference; lastKnownFileType = file; path = "SUITE-Medium.otf"; sourceTree = "<group>"; };
		C7AFB88C2BB31FD50023C46F /* SUITE-Light.otf */ = {isa = PBXFileReference; lastKnownFileType = file; path = "SUITE-Light.otf"; sourceTree = "<group>"; };
		C7AFB8912BB31FDE0023C46F /* SUITE-Bold.otf */ = {isa = PBXFileReference; lastKnownFileType = file; path = "SUITE-Bold.otf"; sourceTree = "<group>"; };
		C7AFB8932BB320170023C46F /* Info.plist */ = {isa = PBXFileReference; lastKnownFileType = text.plist; path = Info.plist; sourceTree = "<group>"; };
		C7AFB8942BB320D60023C46F /* Font.swift */ = {isa = PBXFileReference; lastKnownFileType = sourcecode.swift; path = Font.swift; sourceTree = "<group>"; };
		C7AFB8962BB3A4580023C46F /* Preservation.swift */ = {isa = PBXFileReference; lastKnownFileType = sourcecode.swift; path = Preservation.swift; sourceTree = "<group>"; };
		C7AFB8982BB3A6F50023C46F /* SelectionBar.swift */ = {isa = PBXFileReference; lastKnownFileType = sourcecode.swift; path = SelectionBar.swift; sourceTree = "<group>"; };
		C7AFB89A2BB3A9D10023C46F /* SortOption.swift */ = {isa = PBXFileReference; lastKnownFileType = sourcecode.swift; path = SortOption.swift; sourceTree = "<group>"; };
		C7AFB89C2BB3C9E00023C46F /* FoodItem.swift */ = {isa = PBXFileReference; lastKnownFileType = sourcecode.swift; path = FoodItem.swift; sourceTree = "<group>"; };
		C7AFB89E2BB3E9A70023C46F /* Date.swift */ = {isa = PBXFileReference; lastKnownFileType = sourcecode.swift; path = Date.swift; sourceTree = "<group>"; };
		C7AFB8A02BB44C350023C46F /* MainView.swift */ = {isa = PBXFileReference; lastKnownFileType = sourcecode.swift; path = MainView.swift; sourceTree = "<group>"; };
		C7AFB8A22BB52D870023C46F /* AddFoodView.swift */ = {isa = PBXFileReference; lastKnownFileType = sourcecode.swift; path = AddFoodView.swift; sourceTree = "<group>"; };
		C7AFB8A82BBF85CD0023C46F /* RecipeView.swift */ = {isa = PBXFileReference; lastKnownFileType = sourcecode.swift; path = RecipeView.swift; sourceTree = "<group>"; };
		C7AFB8AA2BBF86BE0023C46F /* Recipe.swift */ = {isa = PBXFileReference; lastKnownFileType = sourcecode.swift; path = Recipe.swift; sourceTree = "<group>"; };
		C7AFB8AC2BC04F8D0023C46F /* RecipeSortOption.swift */ = {isa = PBXFileReference; lastKnownFileType = sourcecode.swift; path = RecipeSortOption.swift; sourceTree = "<group>"; };
		C7AFB8AE2BC0F32D0023C46F /* RecipeSearchView.swift */ = {isa = PBXFileReference; lastKnownFileType = sourcecode.swift; path = RecipeSearchView.swift; sourceTree = "<group>"; };
		C7AFB8B02BC1268E0023C46F /* IngredientCapsule.swift */ = {isa = PBXFileReference; lastKnownFileType = sourcecode.swift; path = IngredientCapsule.swift; sourceTree = "<group>"; };
		C7AFB8B22BC132270023C46F /* ChartView.swift */ = {isa = PBXFileReference; lastKnownFileType = sourcecode.swift; path = ChartView.swift; sourceTree = "<group>"; };
		C7AFB8B42BC28AAB0023C46F /* SettingView.swift */ = {isa = PBXFileReference; lastKnownFileType = sourcecode.swift; path = SettingView.swift; sourceTree = "<group>"; };
		C7AFB8B72BC298EE0023C46F /* WebView.swift */ = {isa = PBXFileReference; lastKnownFileType = sourcecode.swift; path = WebView.swift; sourceTree = "<group>"; };
		C7AFB8BA2BC2D9070023C46F /* FoodData.xcdatamodel */ = {isa = PBXFileReference; lastKnownFileType = wrapper.xcdatamodel; path = FoodData.xcdatamodel; sourceTree = "<group>"; };
		C7AFB8BC2BC2E19E0023C46F /* PersistenceController.swift */ = {isa = PBXFileReference; lastKnownFileType = sourcecode.swift; path = PersistenceController.swift; sourceTree = "<group>"; };
		C7AFB8BE2BC3CCEC0023C46F /* TemporaryFood.swift */ = {isa = PBXFileReference; lastKnownFileType = sourcecode.swift; path = TemporaryFood.swift; sourceTree = "<group>"; };
		C7FBC2172BC6E1EC0050F9A3 /* FoodListView.swift */ = {isa = PBXFileReference; lastKnownFileType = sourcecode.swift; path = FoodListView.swift; sourceTree = "<group>"; };
		C7FBC2192BC7A0310050F9A3 /* Toast.swift */ = {isa = PBXFileReference; lastKnownFileType = sourcecode.swift; path = Toast.swift; sourceTree = "<group>"; };
/* End PBXFileReference section */

/* Begin PBXFrameworksBuildPhase section */
		C7272C162BB1757A00B1397C /* Frameworks */ = {
			isa = PBXFrameworksBuildPhase;
			buildActionMask = 2147483647;
			files = (
			);
			runOnlyForDeploymentPostprocessing = 0;
		};
/* End PBXFrameworksBuildPhase section */

/* Begin PBXGroup section */
		C7272C102BB1757A00B1397C = {
			isa = PBXGroup;
			children = (
				C7272C1B2BB1757A00B1397C /* sevenOclock */,
				C7272C1A2BB1757A00B1397C /* Products */,
			);
			sourceTree = "<group>";
		};
		C7272C1A2BB1757A00B1397C /* Products */ = {
			isa = PBXGroup;
			children = (
				C7272C192BB1757A00B1397C /* sevenOclock.app */,
			);
			name = Products;
			sourceTree = "<group>";
		};
		C7272C1B2BB1757A00B1397C /* sevenOclock */ = {
			isa = PBXGroup;
			children = (
				C7AFB8932BB320170023C46F /* Info.plist */,
				C7272C1C2BB1757A00B1397C /* sevenOclockApp.swift */,
				C7AFB87F2BB2F47B0023C46F /* View */,
				C7AFB8782BB1C7BE0023C46F /* Model */,
				C7AFB8B62BC298820023C46F /* Helper */,
				C7AFB87B2BB1C9A20023C46F /* Reusable */,
				C7AFB87E2BB2F45E0023C46F /* Extension */,
				C7AFB8882BB31FB10023C46F /* Fonts */,
				C7272C202BB1757C00B1397C /* Assets.xcassets */,
				C7272C222BB1757C00B1397C /* Preview Content */,
			);
			path = sevenOclock;
			sourceTree = "<group>";
		};
		C7272C222BB1757C00B1397C /* Preview Content */ = {
			isa = PBXGroup;
			children = (
				C7272C232BB1757C00B1397C /* Preview Assets.xcassets */,
			);
			path = "Preview Content";
			sourceTree = "<group>";
		};
		C7AFB8782BB1C7BE0023C46F /* Model */ = {
			isa = PBXGroup;
			children = (
				C7AFB8862BB30A600023C46F /* Category.swift */,
				C7AFB8962BB3A4580023C46F /* Preservation.swift */,
				C7AFB89A2BB3A9D10023C46F /* SortOption.swift */,
				C7AFB8AA2BBF86BE0023C46F /* Recipe.swift */,
				C7AFB8AC2BC04F8D0023C46F /* RecipeSortOption.swift */,
				C7AFB8B92BC2D9070023C46F /* FoodCoreData.xcdatamodeld */,
				C7AFB8BE2BC3CCEC0023C46F /* TemporaryFood.swift */,
			);
			path = Model;
			sourceTree = "<group>";
		};
		C7AFB87B2BB1C9A20023C46F /* Reusable */ = {
			isa = PBXGroup;
			children = (
				C7AFB8792BB1C9970023C46F /* SearchBar.swift */,
				C7AFB8842BB2F7660023C46F /* MyCapsule.swift */,
				C7AFB8982BB3A6F50023C46F /* SelectionBar.swift */,
				C7AFB89C2BB3C9E00023C46F /* FoodItem.swift */,
				C7AFB8B02BC1268E0023C46F /* IngredientCapsule.swift */,
				C7FBC2192BC7A0310050F9A3 /* Toast.swift */,
			);
			path = Reusable;
			sourceTree = "<group>";
		};
		C7AFB87E2BB2F45E0023C46F /* Extension */ = {
			isa = PBXGroup;
			children = (
				C7AFB87C2BB255600023C46F /* UIApplication.swift */,
				C7AFB8942BB320D60023C46F /* Font.swift */,
				C7AFB89E2BB3E9A70023C46F /* Date.swift */,
			);
			path = Extension;
			sourceTree = "<group>";
		};
		C7AFB87F2BB2F47B0023C46F /* View */ = {
			isa = PBXGroup;
			children = (
				C7AFB8802BB2F5D40023C46F /* MyFridgeView.swift */,
				C7AFB8A02BB44C350023C46F /* MainView.swift */,
				C7AFB8A22BB52D870023C46F /* AddFoodView.swift */,
				C7AFB8A82BBF85CD0023C46F /* RecipeView.swift */,
				C7AFB8AE2BC0F32D0023C46F /* RecipeSearchView.swift */,
				C7AFB8B22BC132270023C46F /* ChartView.swift */,
				C7AFB8B42BC28AAB0023C46F /* SettingView.swift */,
				C7FBC2172BC6E1EC0050F9A3 /* FoodListView.swift */,
			);
			path = View;
			sourceTree = "<group>";
		};
		C7AFB8882BB31FB10023C46F /* Fonts */ = {
			isa = PBXGroup;
			children = (
				C7AFB8912BB31FDE0023C46F /* SUITE-Bold.otf */,
				C7AFB88C2BB31FD50023C46F /* SUITE-Light.otf */,
				C7AFB88B2BB31FD50023C46F /* SUITE-Medium.otf */,
				C7AFB8892BB31FD50023C46F /* SUITE-Regular.otf */,
				C7AFB88A2BB31FD50023C46F /* SUITE-SemiBold.otf */,
			);
			path = Fonts;
			sourceTree = "<group>";
		};
		C7AFB8B62BC298820023C46F /* Helper */ = {
			isa = PBXGroup;
			children = (
				C7AFB8B72BC298EE0023C46F /* WebView.swift */,
				C7AFB8BC2BC2E19E0023C46F /* PersistenceController.swift */,
			);
			path = Helper;
			sourceTree = "<group>";
		};
/* End PBXGroup section */

/* Begin PBXNativeTarget section */
		C7272C182BB1757A00B1397C /* sevenOclock */ = {
			isa = PBXNativeTarget;
			buildConfigurationList = C7272C272BB1757C00B1397C /* Build configuration list for PBXNativeTarget "sevenOclock" */;
			buildPhases = (
				C7272C152BB1757A00B1397C /* Sources */,
				C7272C162BB1757A00B1397C /* Frameworks */,
				C7272C172BB1757A00B1397C /* Resources */,
			);
			buildRules = (
			);
			dependencies = (
			);
			name = sevenOclock;
			packageProductDependencies = (
			);
			productName = sevenOclock;
			productReference = C7272C192BB1757A00B1397C /* sevenOclock.app */;
			productType = "com.apple.product-type.application";
		};
/* End PBXNativeTarget section */

/* Begin PBXProject section */
		C7272C112BB1757A00B1397C /* Project object */ = {
			isa = PBXProject;
			attributes = {
				BuildIndependentTargetsInParallel = 1;
				LastSwiftUpdateCheck = 1520;
				LastUpgradeCheck = 1520;
				TargetAttributes = {
					C7272C182BB1757A00B1397C = {
						CreatedOnToolsVersion = 15.2;
					};
				};
			};
			buildConfigurationList = C7272C142BB1757A00B1397C /* Build configuration list for PBXProject "sevenOclock" */;
			compatibilityVersion = "Xcode 14.0";
			developmentRegion = en;
			hasScannedForEncodings = 0;
			knownRegions = (
				en,
				Base,
			);
			mainGroup = C7272C102BB1757A00B1397C;
			packageReferences = (
			);
			productRefGroup = C7272C1A2BB1757A00B1397C /* Products */;
			projectDirPath = "";
			projectRoot = "";
			targets = (
				C7272C182BB1757A00B1397C /* sevenOclock */,
			);
		};
/* End PBXProject section */

/* Begin PBXResourcesBuildPhase section */
		C7272C172BB1757A00B1397C /* Resources */ = {
			isa = PBXResourcesBuildPhase;
			buildActionMask = 2147483647;
			files = (
				C7AFB88F2BB31FD50023C46F /* SUITE-Medium.otf in Resources */,
				C7AFB8902BB31FD50023C46F /* SUITE-Light.otf in Resources */,
				C7272C242BB1757C00B1397C /* Preview Assets.xcassets in Resources */,
				C7AFB88D2BB31FD50023C46F /* SUITE-Regular.otf in Resources */,
				C7272C212BB1757C00B1397C /* Assets.xcassets in Resources */,
				C7AFB88E2BB31FD50023C46F /* SUITE-SemiBold.otf in Resources */,
				C7AFB8922BB31FDE0023C46F /* SUITE-Bold.otf in Resources */,
			);
			runOnlyForDeploymentPostprocessing = 0;
		};
/* End PBXResourcesBuildPhase section */

/* Begin PBXSourcesBuildPhase section */
		C7272C152BB1757A00B1397C /* Sources */ = {
			isa = PBXSourcesBuildPhase;
			buildActionMask = 2147483647;
			files = (
				C7AFB87A2BB1C9970023C46F /* SearchBar.swift in Sources */,
				C7AFB8B82BC298EE0023C46F /* WebView.swift in Sources */,
				C7AFB8A12BB44C350023C46F /* MainView.swift in Sources */,
				C7272C1D2BB1757A00B1397C /* sevenOclockApp.swift in Sources */,
				C7AFB8812BB2F5D40023C46F /* MyFridgeView.swift in Sources */,
				C7AFB89B2BB3A9D10023C46F /* SortOption.swift in Sources */,
				C7AFB8AB2BBF86BE0023C46F /* Recipe.swift in Sources */,
				C7AFB8BB2BC2D9070023C46F /* FoodCoreData.xcdatamodeld in Sources */,
				C7AFB8A32BB52D870023C46F /* AddFoodView.swift in Sources */,
				C7AFB8852BB2F7660023C46F /* MyCapsule.swift in Sources */,
				C7AFB8952BB320D60023C46F /* Font.swift in Sources */,
				C7AFB87D2BB255600023C46F /* UIApplication.swift in Sources */,
				C7AFB89F2BB3E9A70023C46F /* Date.swift in Sources */,
				C7AFB8B12BC1268E0023C46F /* IngredientCapsule.swift in Sources */,
				C7AFB89D2BB3C9E00023C46F /* FoodItem.swift in Sources */,
				C7AFB8872BB30A600023C46F /* Category.swift in Sources */,
				C7FBC21A2BC7A0310050F9A3 /* Toast.swift in Sources */,
				C7AFB8AF2BC0F32D0023C46F /* RecipeSearchView.swift in Sources */,
				C7AFB8972BB3A4580023C46F /* Preservation.swift in Sources */,
				C7AFB8BF2BC3CCEC0023C46F /* TemporaryFood.swift in Sources */,
				C7AFB8B32BC132270023C46F /* ChartView.swift in Sources */,
				C7AFB8A92BBF85CD0023C46F /* RecipeView.swift in Sources */,
				C7AFB8AD2BC04F8D0023C46F /* RecipeSortOption.swift in Sources */,
				C7FBC2182BC6E1EC0050F9A3 /* FoodListView.swift in Sources */,
				C7AFB8992BB3A6F50023C46F /* SelectionBar.swift in Sources */,
				C7AFB8B52BC28AAB0023C46F /* SettingView.swift in Sources */,
				C7AFB8BD2BC2E19F0023C46F /* PersistenceController.swift in Sources */,
			);
			runOnlyForDeploymentPostprocessing = 0;
		};
/* End PBXSourcesBuildPhase section */

/* Begin XCBuildConfiguration section */
		C7272C252BB1757C00B1397C /* Debug */ = {
			isa = XCBuildConfiguration;
			buildSettings = {
				ALWAYS_SEARCH_USER_PATHS = NO;
				ASSETCATALOG_COMPILER_GENERATE_SWIFT_ASSET_SYMBOL_EXTENSIONS = YES;
				CLANG_ANALYZER_NONNULL = YES;
				CLANG_ANALYZER_NUMBER_OBJECT_CONVERSION = YES_AGGRESSIVE;
				CLANG_CXX_LANGUAGE_STANDARD = "gnu++20";
				CLANG_ENABLE_MODULES = YES;
				CLANG_ENABLE_OBJC_ARC = YES;
				CLANG_ENABLE_OBJC_WEAK = YES;
				CLANG_WARN_BLOCK_CAPTURE_AUTORELEASING = YES;
				CLANG_WARN_BOOL_CONVERSION = YES;
				CLANG_WARN_COMMA = YES;
				CLANG_WARN_CONSTANT_CONVERSION = YES;
				CLANG_WARN_DEPRECATED_OBJC_IMPLEMENTATIONS = YES;
				CLANG_WARN_DIRECT_OBJC_ISA_USAGE = YES_ERROR;
				CLANG_WARN_DOCUMENTATION_COMMENTS = YES;
				CLANG_WARN_EMPTY_BODY = YES;
				CLANG_WARN_ENUM_CONVERSION = YES;
				CLANG_WARN_INFINITE_RECURSION = YES;
				CLANG_WARN_INT_CONVERSION = YES;
				CLANG_WARN_NON_LITERAL_NULL_CONVERSION = YES;
				CLANG_WARN_OBJC_IMPLICIT_RETAIN_SELF = YES;
				CLANG_WARN_OBJC_LITERAL_CONVERSION = YES;
				CLANG_WARN_OBJC_ROOT_CLASS = YES_ERROR;
				CLANG_WARN_QUOTED_INCLUDE_IN_FRAMEWORK_HEADER = YES;
				CLANG_WARN_RANGE_LOOP_ANALYSIS = YES;
				CLANG_WARN_STRICT_PROTOTYPES = YES;
				CLANG_WARN_SUSPICIOUS_MOVE = YES;
				CLANG_WARN_UNGUARDED_AVAILABILITY = YES_AGGRESSIVE;
				CLANG_WARN_UNREACHABLE_CODE = YES;
				CLANG_WARN__DUPLICATE_METHOD_MATCH = YES;
				COPY_PHASE_STRIP = NO;
				DEBUG_INFORMATION_FORMAT = dwarf;
				ENABLE_STRICT_OBJC_MSGSEND = YES;
				ENABLE_TESTABILITY = YES;
				ENABLE_USER_SCRIPT_SANDBOXING = YES;
				GCC_C_LANGUAGE_STANDARD = gnu17;
				GCC_DYNAMIC_NO_PIC = NO;
				GCC_NO_COMMON_BLOCKS = YES;
				GCC_OPTIMIZATION_LEVEL = 0;
				GCC_PREPROCESSOR_DEFINITIONS = (
					"DEBUG=1",
					"$(inherited)",
				);
				GCC_WARN_64_TO_32_BIT_CONVERSION = YES;
				GCC_WARN_ABOUT_RETURN_TYPE = YES_ERROR;
				GCC_WARN_UNDECLARED_SELECTOR = YES;
				GCC_WARN_UNINITIALIZED_AUTOS = YES_AGGRESSIVE;
				GCC_WARN_UNUSED_FUNCTION = YES;
				GCC_WARN_UNUSED_VARIABLE = YES;
				IPHONEOS_DEPLOYMENT_TARGET = 17.2;
				LOCALIZATION_PREFERS_STRING_CATALOGS = YES;
				MTL_ENABLE_DEBUG_INFO = INCLUDE_SOURCE;
				MTL_FAST_MATH = YES;
				ONLY_ACTIVE_ARCH = YES;
				SDKROOT = iphoneos;
				SWIFT_ACTIVE_COMPILATION_CONDITIONS = "DEBUG $(inherited)";
				SWIFT_OPTIMIZATION_LEVEL = "-Onone";
			};
			name = Debug;
		};
		C7272C262BB1757C00B1397C /* Release */ = {
			isa = XCBuildConfiguration;
			buildSettings = {
				ALWAYS_SEARCH_USER_PATHS = NO;
				ASSETCATALOG_COMPILER_GENERATE_SWIFT_ASSET_SYMBOL_EXTENSIONS = YES;
				CLANG_ANALYZER_NONNULL = YES;
				CLANG_ANALYZER_NUMBER_OBJECT_CONVERSION = YES_AGGRESSIVE;
				CLANG_CXX_LANGUAGE_STANDARD = "gnu++20";
				CLANG_ENABLE_MODULES = YES;
				CLANG_ENABLE_OBJC_ARC = YES;
				CLANG_ENABLE_OBJC_WEAK = YES;
				CLANG_WARN_BLOCK_CAPTURE_AUTORELEASING = YES;
				CLANG_WARN_BOOL_CONVERSION = YES;
				CLANG_WARN_COMMA = YES;
				CLANG_WARN_CONSTANT_CONVERSION = YES;
				CLANG_WARN_DEPRECATED_OBJC_IMPLEMENTATIONS = YES;
				CLANG_WARN_DIRECT_OBJC_ISA_USAGE = YES_ERROR;
				CLANG_WARN_DOCUMENTATION_COMMENTS = YES;
				CLANG_WARN_EMPTY_BODY = YES;
				CLANG_WARN_ENUM_CONVERSION = YES;
				CLANG_WARN_INFINITE_RECURSION = YES;
				CLANG_WARN_INT_CONVERSION = YES;
				CLANG_WARN_NON_LITERAL_NULL_CONVERSION = YES;
				CLANG_WARN_OBJC_IMPLICIT_RETAIN_SELF = YES;
				CLANG_WARN_OBJC_LITERAL_CONVERSION = YES;
				CLANG_WARN_OBJC_ROOT_CLASS = YES_ERROR;
				CLANG_WARN_QUOTED_INCLUDE_IN_FRAMEWORK_HEADER = YES;
				CLANG_WARN_RANGE_LOOP_ANALYSIS = YES;
				CLANG_WARN_STRICT_PROTOTYPES = YES;
				CLANG_WARN_SUSPICIOUS_MOVE = YES;
				CLANG_WARN_UNGUARDED_AVAILABILITY = YES_AGGRESSIVE;
				CLANG_WARN_UNREACHABLE_CODE = YES;
				CLANG_WARN__DUPLICATE_METHOD_MATCH = YES;
				COPY_PHASE_STRIP = NO;
				DEBUG_INFORMATION_FORMAT = "dwarf-with-dsym";
				ENABLE_NS_ASSERTIONS = NO;
				ENABLE_STRICT_OBJC_MSGSEND = YES;
				ENABLE_USER_SCRIPT_SANDBOXING = YES;
				GCC_C_LANGUAGE_STANDARD = gnu17;
				GCC_NO_COMMON_BLOCKS = YES;
				GCC_WARN_64_TO_32_BIT_CONVERSION = YES;
				GCC_WARN_ABOUT_RETURN_TYPE = YES_ERROR;
				GCC_WARN_UNDECLARED_SELECTOR = YES;
				GCC_WARN_UNINITIALIZED_AUTOS = YES_AGGRESSIVE;
				GCC_WARN_UNUSED_FUNCTION = YES;
				GCC_WARN_UNUSED_VARIABLE = YES;
				IPHONEOS_DEPLOYMENT_TARGET = 17.2;
				LOCALIZATION_PREFERS_STRING_CATALOGS = YES;
				MTL_ENABLE_DEBUG_INFO = NO;
				MTL_FAST_MATH = YES;
				SDKROOT = iphoneos;
				SWIFT_COMPILATION_MODE = wholemodule;
				VALIDATE_PRODUCT = YES;
			};
			name = Release;
		};
		C7272C282BB1757C00B1397C /* Debug */ = {
			isa = XCBuildConfiguration;
			buildSettings = {
				ASSETCATALOG_COMPILER_APPICON_NAME = AppIcon;
				ASSETCATALOG_COMPILER_GLOBAL_ACCENT_COLOR_NAME = AccentColor;
				CODE_SIGN_STYLE = Automatic;
				CURRENT_PROJECT_VERSION = 1;
				DEVELOPMENT_ASSET_PATHS = "\"sevenOclock/Preview Content\"";
				DEVELOPMENT_TEAM = HY8Y957QK3;
				ENABLE_PREVIEWS = YES;
				GENERATE_INFOPLIST_FILE = YES;
				INFOPLIST_FILE = sevenOclock/Info.plist;
				INFOPLIST_KEY_UIApplicationSceneManifest_Generation = YES;
				INFOPLIST_KEY_UIApplicationSupportsIndirectInputEvents = YES;
				INFOPLIST_KEY_UILaunchScreen_Generation = YES;
				INFOPLIST_KEY_UIStatusBarStyle = UIStatusBarStyleLightContent;
				INFOPLIST_KEY_UISupportedInterfaceOrientations = UIInterfaceOrientationPortrait;
				INFOPLIST_KEY_UISupportedInterfaceOrientations_iPad = "UIInterfaceOrientationLandscapeLeft UIInterfaceOrientationLandscapeRight UIInterfaceOrientationPortrait UIInterfaceOrientationPortraitUpsideDown";
				IPHONEOS_DEPLOYMENT_TARGET = 16.0;
				LD_RUNPATH_SEARCH_PATHS = (
					"$(inherited)",
					"@executable_path/Frameworks",
				);
				MARKETING_VERSION = 1.0;
				PRODUCT_BUNDLE_IDENTIFIER = com.jio.sevenOclock;
				PRODUCT_NAME = "$(TARGET_NAME)";
				SUPPORTED_PLATFORMS = "iphoneos iphonesimulator";
				SUPPORTS_MACCATALYST = NO;
				SUPPORTS_MAC_DESIGNED_FOR_IPHONE_IPAD = NO;
				SUPPORTS_XR_DESIGNED_FOR_IPHONE_IPAD = NO;
				SWIFT_EMIT_LOC_STRINGS = YES;
				SWIFT_VERSION = 5.0;
				TARGETED_DEVICE_FAMILY = 1;
			};
			name = Debug;
		};
		C7272C292BB1757C00B1397C /* Release */ = {
			isa = XCBuildConfiguration;
			buildSettings = {
				ASSETCATALOG_COMPILER_APPICON_NAME = AppIcon;
				ASSETCATALOG_COMPILER_GLOBAL_ACCENT_COLOR_NAME = AccentColor;
				CODE_SIGN_STYLE = Automatic;
				CURRENT_PROJECT_VERSION = 1;
				DEVELOPMENT_ASSET_PATHS = "\"sevenOclock/Preview Content\"";
				DEVELOPMENT_TEAM = HY8Y957QK3;
				ENABLE_PREVIEWS = YES;
				GENERATE_INFOPLIST_FILE = YES;
				INFOPLIST_FILE = sevenOclock/Info.plist;
				INFOPLIST_KEY_UIApplicationSceneManifest_Generation = YES;
				INFOPLIST_KEY_UIApplicationSupportsIndirectInputEvents = YES;
				INFOPLIST_KEY_UILaunchScreen_Generation = YES;
				INFOPLIST_KEY_UIStatusBarStyle = UIStatusBarStyleLightContent;
				INFOPLIST_KEY_UISupportedInterfaceOrientations = UIInterfaceOrientationPortrait;
				INFOPLIST_KEY_UISupportedInterfaceOrientations_iPad = "UIInterfaceOrientationLandscapeLeft UIInterfaceOrientationLandscapeRight UIInterfaceOrientationPortrait UIInterfaceOrientationPortraitUpsideDown";
				IPHONEOS_DEPLOYMENT_TARGET = 16.0;
				LD_RUNPATH_SEARCH_PATHS = (
					"$(inherited)",
					"@executable_path/Frameworks",
				);
				MARKETING_VERSION = 1.0;
				PRODUCT_BUNDLE_IDENTIFIER = com.jio.sevenOclock;
				PRODUCT_NAME = "$(TARGET_NAME)";
				SUPPORTED_PLATFORMS = "iphoneos iphonesimulator";
				SUPPORTS_MACCATALYST = NO;
				SUPPORTS_MAC_DESIGNED_FOR_IPHONE_IPAD = NO;
				SUPPORTS_XR_DESIGNED_FOR_IPHONE_IPAD = NO;
				SWIFT_EMIT_LOC_STRINGS = YES;
				SWIFT_VERSION = 5.0;
				TARGETED_DEVICE_FAMILY = 1;
			};
			name = Release;
		};
/* End XCBuildConfiguration section */

/* Begin XCConfigurationList section */
		C7272C142BB1757A00B1397C /* Build configuration list for PBXProject "sevenOclock" */ = {
			isa = XCConfigurationList;
			buildConfigurations = (
				C7272C252BB1757C00B1397C /* Debug */,
				C7272C262BB1757C00B1397C /* Release */,
			);
			defaultConfigurationIsVisible = 0;
			defaultConfigurationName = Release;
		};
		C7272C272BB1757C00B1397C /* Build configuration list for PBXNativeTarget "sevenOclock" */ = {
			isa = XCConfigurationList;
			buildConfigurations = (
				C7272C282BB1757C00B1397C /* Debug */,
				C7272C292BB1757C00B1397C /* Release */,
			);
			defaultConfigurationIsVisible = 0;
			defaultConfigurationName = Release;
		};
/* End XCConfigurationList section */

/* Begin XCVersionGroup section */
		C7AFB8B92BC2D9070023C46F /* FoodCoreData.xcdatamodeld */ = {
			isa = XCVersionGroup;
			children = (
				C7AFB8BA2BC2D9070023C46F /* FoodData.xcdatamodel */,
			);
			currentVersion = C7AFB8BA2BC2D9070023C46F /* FoodData.xcdatamodel */;
			path = FoodCoreData.xcdatamodeld;
			sourceTree = "<group>";
			versionGroupType = wrapper.xcdatamodel;
		};
/* End XCVersionGroup section */
	};
	rootObject = C7272C112BB1757A00B1397C /* Project object */;
}
